// !$*UTF8*$!
{
	archiveVersion = 1;
	classes = {
	};
	objectVersion = 46;
	objects = {

/* Begin PBXBuildFile section */
		1429B9F417442D0300CAC7F2 /* ConsensusStackEntryMO.m in Sources */ = {isa = PBXBuildFile; fileRef = 1429B9F317442D0300CAC7F2 /* ConsensusStackEntryMO.m */; };
		1431B43417440CF7006FD2BC /* LocusMO.m in Sources */ = {isa = PBXBuildFile; fileRef = 1431B43317440CF7006FD2BC /* LocusMO.m */; };
		1431B43D17440CF7006FD2BC /* DatumMO.m in Sources */ = {isa = PBXBuildFile; fileRef = 1431B43C17440CF7006FD2BC /* DatumMO.m */; };
		1431B44317440CF8006FD2BC /* ReferenceStackEntryMO.m in Sources */ = {isa = PBXBuildFile; fileRef = 1431B44217440CF8006FD2BC /* ReferenceStackEntryMO.m */; };
		1431B44617440CF8006FD2BC /* StackEntryMO.m in Sources */ = {isa = PBXBuildFile; fileRef = 1431B44517440CF8006FD2BC /* StackEntryMO.m */; };
		1431B44C17440CF8006FD2BC /* PopulationMO.m in Sources */ = {isa = PBXBuildFile; fileRef = 1431B44B17440CF8006FD2BC /* PopulationMO.m */; };
		1431B45217440CF8006FD2BC /* LocusAlleleMO.m in Sources */ = {isa = PBXBuildFile; fileRef = 1431B45117440CF8006FD2BC /* LocusAlleleMO.m */; };
		1431B45B17440CF8006FD2BC /* ModelStackEntryMO.m in Sources */ = {isa = PBXBuildFile; fileRef = 1431B45A17440CF8006FD2BC /* ModelStackEntryMO.m */; };
		1431B45E17440CF8006FD2BC /* SampleMO.m in Sources */ = {isa = PBXBuildFile; fileRef = 1431B45D17440CF8006FD2BC /* SampleMO.m */; };
		1442E19917206DBB004B6361 /* Cocoa.framework in Frameworks */ = {isa = PBXBuildFile; fileRef = 1442E19817206DBB004B6361 /* Cocoa.framework */; };
		1442E1A317206DBB004B6361 /* InfoPlist.strings in Resources */ = {isa = PBXBuildFile; fileRef = 1442E1A117206DBB004B6361 /* InfoPlist.strings */; };
		1442E1A517206DBB004B6361 /* main.m in Sources */ = {isa = PBXBuildFile; fileRef = 1442E1A417206DBB004B6361 /* main.m */; };
		1442E1A917206DBB004B6361 /* Credits.rtf in Resources */ = {isa = PBXBuildFile; fileRef = 1442E1A717206DBB004B6361 /* Credits.rtf */; };
		1442E1AC17206DBB004B6361 /* StacksDocument.m in Sources */ = {isa = PBXBuildFile; fileRef = 1442E1AB17206DBB004B6361 /* StacksDocument.m */; };
		1442E1B217206DBB004B6361 /* MainMenu.xib in Resources */ = {isa = PBXBuildFile; fileRef = 1442E1B017206DBB004B6361 /* MainMenu.xib */; };
		1442E1B517206DBB004B6361 /* StacksDocument.xcdatamodeld in Sources */ = {isa = PBXBuildFile; fileRef = 1442E1B317206DBB004B6361 /* StacksDocument.xcdatamodeld */; };
		1442E1BD17206DBC004B6361 /* SenTestingKit.framework in Frameworks */ = {isa = PBXBuildFile; fileRef = 1442E1BC17206DBC004B6361 /* SenTestingKit.framework */; };
		1442E1BE17206DBC004B6361 /* Cocoa.framework in Frameworks */ = {isa = PBXBuildFile; fileRef = 1442E19817206DBB004B6361 /* Cocoa.framework */; };
		1442E1C617206DBC004B6361 /* InfoPlist.strings in Resources */ = {isa = PBXBuildFile; fileRef = 1442E1C417206DBC004B6361 /* InfoPlist.strings */; };
		1442E1C917206DBC004B6361 /* StacksGui3Tests.m in Sources */ = {isa = PBXBuildFile; fileRef = 1442E1C817206DBC004B6361 /* StacksGui3Tests.m */; };
		1466633D17445AF80051E40C /* DatumAlleleMO.m in Sources */ = {isa = PBXBuildFile; fileRef = 1466633C17445AF80051E40C /* DatumAlleleMO.m */; };
		149BCBAB1872312F0078D099 /* test.css in Resources */ = {isa = PBXBuildFile; fileRef = 149BCBAA1872312F0078D099 /* test.css */; };
		14A1E8E8174449D00056C06F /* DatumSnpMO.m in Sources */ = {isa = PBXBuildFile; fileRef = 14A1E8E7174449D00056C06F /* DatumSnpMO.m */; };
		14A1E8EB174449D80056C06F /* LocusSnpMO.m in Sources */ = {isa = PBXBuildFile; fileRef = 14A1E8EA174449D80056C06F /* LocusSnpMO.m */; };
		14A72B471746A1E60024B2D1 /* LocusArrayController.m in Sources */ = {isa = PBXBuildFile; fileRef = 14A72B461746A1E60024B2D1 /* LocusArrayController.m */; };
		14A72B4A1746A5500024B2D1 /* PopulationArrayController.m in Sources */ = {isa = PBXBuildFile; fileRef = 14A72B491746A5500024B2D1 /* PopulationArrayController.m */; };
		14A72B4D1746A7DC0024B2D1 /* DatumArrayController.m in Sources */ = {isa = PBXBuildFile; fileRef = 14A72B4C1746A7DC0024B2D1 /* DatumArrayController.m */; };
		14DD8DA21864CE93005DA30C /* WebKit.framework in Frameworks */ = {isa = PBXBuildFile; fileRef = 14DD8DA11864CE93005DA30C /* WebKit.framework */; };
		63D5324CC3F9B03789008CE5 /* HaplotypeRepository.m in Sources */ = {isa = PBXBuildFile; fileRef = 63D5361AB5A4A6EAA62C5CE7 /* HaplotypeRepository.m */; };
		63D5347912394D8EC31E2F3E /* PopulationRepository.m in Sources */ = {isa = PBXBuildFile; fileRef = 63D538AE43D06E9B03B0BC59 /* PopulationRepository.m */; };
		63D5373EE2F31FA8CF4F5F1A /* LocusCell.m in Sources */ = {isa = PBXBuildFile; fileRef = 63D53152900941A896B8CCE9 /* LocusCell.m */; };
		63D539193E198FC341D4D036 /* LocusRepository.m in Sources */ = {isa = PBXBuildFile; fileRef = 63D53558BC604AF5CB21EDEE /* LocusRepository.m */; };
		63D53922F24CBD38E628870C /* DepthRepository.m in Sources */ = {isa = PBXBuildFile; fileRef = 63D530556A0C5C6B869DB3BF /* DepthRepository.m */; };
		63D53A37F18B0802DB8CEEAF /* DatumCollectionViewItem.m in Sources */ = {isa = PBXBuildFile; fileRef = 63D53377E126294FBBA3CAFF /* DatumCollectionViewItem.m */; };
		63D53A7B98C0266C27BCB428 /* GenotypeEntry.m in Sources */ = {isa = PBXBuildFile; fileRef = 63D534676BD27E8518BBDB92 /* GenotypeEntry.m */; };
		63D53BAAED00BA9776516730 /* StacksConverter.mm in Sources */ = {isa = PBXBuildFile; fileRef = 63D534F6AA587D896D3DC11B /* StacksConverter.mm */; };
		63D53BDDE2EE5FB78660C9E1 /* LocusView.m in Sources */ = {isa = PBXBuildFile; fileRef = 63D5311F44388AEE157BD2CD /* LocusView.m */; };
		63D53C66C975A160E74A5CA3 /* StacksView.m in Sources */ = {isa = PBXBuildFile; fileRef = 63D53EFA95D4B7DF21498B77 /* StacksView.m */; };
		63D53CFA3A01C35492B74405 /* PopulationCell.m in Sources */ = {isa = PBXBuildFile; fileRef = 63D53BD5D4E7AA4FBFDB755F /* PopulationCell.m */; };
		63D53D3EB72A92AA5C40B665 /* SnpRepository.m in Sources */ = {isa = PBXBuildFile; fileRef = 63D53689674344677BCBF06E /* SnpRepository.m */; };
		63D53D7AA2ECE7DFF96DC4AC /* SnpView.m in Sources */ = {isa = PBXBuildFile; fileRef = 63D5300CEE50E2EFF99D9FA9 /* SnpView.m */; };
		63D53E8EEFB2658C1ABFB10C /* DatumRepository.m in Sources */ = {isa = PBXBuildFile; fileRef = 63D535F2DD9F93E6A22D2211 /* DatumRepository.m */; };
		63D53E9B9995E1FAAA1FF1ED /* StackEntryRepository.m in Sources */ = {isa = PBXBuildFile; fileRef = 63D53146E34901E5A22B3D33 /* StackEntryRepository.m */; };
		63D53F09D355842335914336 /* StacksDocument.xib in Resources */ = {isa = PBXBuildFile; fileRef = 63D53D3DA1B67441F7C8386C /* StacksDocument.xib */; };
		6B3207E41752CC04009FF9FB /* DatumView.m in Sources */ = {isa = PBXBuildFile; fileRef = 6B3207E31752CC04009FF9FB /* DatumView.m */; };
		6B46749D173183AB00E42419 /* DNANSeq.cc in Sources */ = {isa = PBXBuildFile; fileRef = 6B467486173183AB00E42419 /* DNANSeq.cc */; };
		6B46749E173183AB00E42419 /* DNASeq.cc in Sources */ = {isa = PBXBuildFile; fileRef = 6B467488173183AB00E42419 /* DNASeq.cc */; };
		6B46749F173183AB00E42419 /* locus.cc in Sources */ = {isa = PBXBuildFile; fileRef = 6B46748F173183AB00E42419 /* locus.cc */; };
		6B4674A0173183AB00E42419 /* mst.cc in Sources */ = {isa = PBXBuildFile; fileRef = 6B467491173183AB00E42419 /* mst.cc */; };
		6B4674A1173183AB00E42419 /* stacks.cc in Sources */ = {isa = PBXBuildFile; fileRef = 6B467498173183AB00E42419 /* stacks.cc */; };
		6B4674A2173183AB00E42419 /* utils.cc in Sources */ = {isa = PBXBuildFile; fileRef = 6B46749B173183AB00E42419 /* utils.cc */; };
		6B4674A4173183C300E42419 /* libz.1.2.7.dylib in Frameworks */ = {isa = PBXBuildFile; fileRef = 6B4674A3173183C300E42419 /* libz.1.2.7.dylib */; };
		6B4674AA1731872600E42419 /* input.cc in Sources */ = {isa = PBXBuildFile; fileRef = 6B4674A81731872600E42419 /* input.cc */; };
		6B77C0E117D1467600987B98 /* StacksDocumentController.m in Sources */ = {isa = PBXBuildFile; fileRef = 6B77C0E017D1467600987B98 /* StacksDocumentController.m */; };
		6B81723E17DFD684002FB907 /* ProgressController.m in Sources */ = {isa = PBXBuildFile; fileRef = 6B81723C17DFD684002FB907 /* ProgressController.m */; };
		6B81723F17DFD684002FB907 /* ProgressController.xib in Resources */ = {isa = PBXBuildFile; fileRef = 6B81723D17DFD684002FB907 /* ProgressController.xib */; };
		6B866D56187B639800952435 /* stacks.css in Resources */ = {isa = PBXBuildFile; fileRef = 6B866D55187B639800952435 /* stacks.css */; };
		6BB1484F181737B700D87C87 /* ColorGenerator.m in Sources */ = {isa = PBXBuildFile; fileRef = 6BB1484E181737B600D87C87 /* ColorGenerator.m */; };
		6BEBC5DB17E8F71B00B48C79 /* HaplotypeMO.m in Sources */ = {isa = PBXBuildFile; fileRef = 6BEBC5DA17E8F71B00B48C79 /* HaplotypeMO.m */; };
		6BEBC5DE17E8F71C00B48C79 /* AlleleMO.m in Sources */ = {isa = PBXBuildFile; fileRef = 6BEBC5DD17E8F71C00B48C79 /* AlleleMO.m */; };
		6BEBC5E117E8F71C00B48C79 /* DepthMO.m in Sources */ = {isa = PBXBuildFile; fileRef = 6BEBC5E017E8F71C00B48C79 /* DepthMO.m */; };
		6BEBC5E417E8F71C00B48C79 /* SnpMO.m in Sources */ = {isa = PBXBuildFile; fileRef = 6BEBC5E317E8F71C00B48C79 /* SnpMO.m */; };
		D793C0F3A4CB3044602B1F3F /* SampleRepository.m in Sources */ = {isa = PBXBuildFile; fileRef = D793C907D04E589764C9E424 /* SampleRepository.m */; };
		D793C1B281A1C40A30CE8AEF /* StacksApplicationController.m in Sources */ = {isa = PBXBuildFile; fileRef = D793C30B70F0B18AAD31F9DB /* StacksApplicationController.m */; };
		D793C309645E2B03A5B980F1 /* StacksEntryView.m in Sources */ = {isa = PBXBuildFile; fileRef = D793C912A36EC59D0DDD8E85 /* StacksEntryView.m */; };
		D793C43EDB0ABD3CE3E0047B /* StacksAppDelegate.m in Sources */ = {isa = PBXBuildFile; fileRef = D793CFCB30840FDE9B15DB2D /* StacksAppDelegate.m */; };
		D793C6F5BDAD1E1FA91892F2 /* AlleleRepository.m in Sources */ = {isa = PBXBuildFile; fileRef = D793C907C035E29655E283F1 /* AlleleRepository.m */; };
		D793C7E7AAF6AF5E0DAA658E /* StacksImportMenuItem.m in Sources */ = {isa = PBXBuildFile; fileRef = D793C0D6DD3279E830428307 /* StacksImportMenuItem.m */; };
/* End PBXBuildFile section */

/* Begin PBXContainerItemProxy section */
		1442E1BF17206DBC004B6361 /* PBXContainerItemProxy */ = {
			isa = PBXContainerItemProxy;
			containerPortal = 1442E18D17206DBB004B6361 /* Project object */;
			proxyType = 1;
			remoteGlobalIDString = 1442E19417206DBB004B6361;
			remoteInfo = StacksGui3;
		};
/* End PBXContainerItemProxy section */

/* Begin PBXFileReference section */
		1429B9F217442D0300CAC7F2 /* ConsensusStackEntryMO.h */ = {isa = PBXFileReference; fileEncoding = 4; lastKnownFileType = sourcecode.c.h; path = ConsensusStackEntryMO.h; sourceTree = "<group>"; };
		1429B9F317442D0300CAC7F2 /* ConsensusStackEntryMO.m */ = {isa = PBXFileReference; fileEncoding = 4; lastKnownFileType = sourcecode.c.objc; path = ConsensusStackEntryMO.m; sourceTree = "<group>"; };
		1431B43217440CF7006FD2BC /* LocusMO.h */ = {isa = PBXFileReference; fileEncoding = 4; lastKnownFileType = sourcecode.c.h; path = LocusMO.h; sourceTree = "<group>"; };
		1431B43317440CF7006FD2BC /* LocusMO.m */ = {isa = PBXFileReference; fileEncoding = 4; lastKnownFileType = sourcecode.c.objc; path = LocusMO.m; sourceTree = "<group>"; };
		1431B43B17440CF7006FD2BC /* DatumMO.h */ = {isa = PBXFileReference; fileEncoding = 4; lastKnownFileType = sourcecode.c.h; path = DatumMO.h; sourceTree = "<group>"; };
		1431B43C17440CF7006FD2BC /* DatumMO.m */ = {isa = PBXFileReference; fileEncoding = 4; lastKnownFileType = sourcecode.c.objc; path = DatumMO.m; sourceTree = "<group>"; };
		1431B44117440CF8006FD2BC /* ReferenceStackEntryMO.h */ = {isa = PBXFileReference; fileEncoding = 4; lastKnownFileType = sourcecode.c.h; path = ReferenceStackEntryMO.h; sourceTree = "<group>"; };
		1431B44217440CF8006FD2BC /* ReferenceStackEntryMO.m */ = {isa = PBXFileReference; fileEncoding = 4; lastKnownFileType = sourcecode.c.objc; path = ReferenceStackEntryMO.m; sourceTree = "<group>"; };
		1431B44417440CF8006FD2BC /* StackEntryMO.h */ = {isa = PBXFileReference; fileEncoding = 4; lastKnownFileType = sourcecode.c.h; path = StackEntryMO.h; sourceTree = "<group>"; };
		1431B44517440CF8006FD2BC /* StackEntryMO.m */ = {isa = PBXFileReference; fileEncoding = 4; lastKnownFileType = sourcecode.c.objc; path = StackEntryMO.m; sourceTree = "<group>"; };
		1431B44A17440CF8006FD2BC /* PopulationMO.h */ = {isa = PBXFileReference; fileEncoding = 4; lastKnownFileType = sourcecode.c.h; path = PopulationMO.h; sourceTree = "<group>"; };
		1431B44B17440CF8006FD2BC /* PopulationMO.m */ = {isa = PBXFileReference; fileEncoding = 4; lastKnownFileType = sourcecode.c.objc; path = PopulationMO.m; sourceTree = "<group>"; };
		1431B45017440CF8006FD2BC /* LocusAlleleMO.h */ = {isa = PBXFileReference; fileEncoding = 4; lastKnownFileType = sourcecode.c.h; path = LocusAlleleMO.h; sourceTree = "<group>"; };
		1431B45117440CF8006FD2BC /* LocusAlleleMO.m */ = {isa = PBXFileReference; fileEncoding = 4; lastKnownFileType = sourcecode.c.objc; path = LocusAlleleMO.m; sourceTree = "<group>"; };
		1431B45917440CF8006FD2BC /* ModelStackEntryMO.h */ = {isa = PBXFileReference; fileEncoding = 4; lastKnownFileType = sourcecode.c.h; path = ModelStackEntryMO.h; sourceTree = "<group>"; };
		1431B45A17440CF8006FD2BC /* ModelStackEntryMO.m */ = {isa = PBXFileReference; fileEncoding = 4; lastKnownFileType = sourcecode.c.objc; path = ModelStackEntryMO.m; sourceTree = "<group>"; };
		1431B45C17440CF8006FD2BC /* SampleMO.h */ = {isa = PBXFileReference; fileEncoding = 4; lastKnownFileType = sourcecode.c.h; path = SampleMO.h; sourceTree = "<group>"; };
		1431B45D17440CF8006FD2BC /* SampleMO.m */ = {isa = PBXFileReference; fileEncoding = 4; lastKnownFileType = sourcecode.c.objc; path = SampleMO.m; sourceTree = "<group>"; };
		1442E19517206DBB004B6361 /* StacksGui3.app */ = {isa = PBXFileReference; explicitFileType = wrapper.application; includeInIndex = 0; path = StacksGui3.app; sourceTree = BUILT_PRODUCTS_DIR; };
		1442E19817206DBB004B6361 /* Cocoa.framework */ = {isa = PBXFileReference; lastKnownFileType = wrapper.framework; name = Cocoa.framework; path = System/Library/Frameworks/Cocoa.framework; sourceTree = SDKROOT; };
		1442E19B17206DBB004B6361 /* AppKit.framework */ = {isa = PBXFileReference; lastKnownFileType = wrapper.framework; name = AppKit.framework; path = System/Library/Frameworks/AppKit.framework; sourceTree = SDKROOT; };
		1442E19C17206DBB004B6361 /* CoreData.framework */ = {isa = PBXFileReference; lastKnownFileType = wrapper.framework; name = CoreData.framework; path = System/Library/Frameworks/CoreData.framework; sourceTree = SDKROOT; };
		1442E19D17206DBB004B6361 /* Foundation.framework */ = {isa = PBXFileReference; lastKnownFileType = wrapper.framework; name = Foundation.framework; path = System/Library/Frameworks/Foundation.framework; sourceTree = SDKROOT; };
		1442E1A017206DBB004B6361 /* StacksGui3-Info.plist */ = {isa = PBXFileReference; lastKnownFileType = text.plist.xml; path = "StacksGui3-Info.plist"; sourceTree = "<group>"; };
		1442E1A217206DBB004B6361 /* en */ = {isa = PBXFileReference; lastKnownFileType = text.plist.strings; name = en; path = en.lproj/InfoPlist.strings; sourceTree = "<group>"; };
		1442E1A417206DBB004B6361 /* main.m */ = {isa = PBXFileReference; lastKnownFileType = sourcecode.c.objc; path = main.m; sourceTree = "<group>"; };
		1442E1A617206DBB004B6361 /* StacksGui3-Prefix.pch */ = {isa = PBXFileReference; lastKnownFileType = sourcecode.c.h; path = "StacksGui3-Prefix.pch"; sourceTree = "<group>"; };
		1442E1A817206DBB004B6361 /* en */ = {isa = PBXFileReference; lastKnownFileType = text.rtf; name = en; path = en.lproj/Credits.rtf; sourceTree = "<group>"; };
		1442E1AA17206DBB004B6361 /* StacksDocument.h */ = {isa = PBXFileReference; lastKnownFileType = sourcecode.c.h; path = StacksDocument.h; sourceTree = "<group>"; };
		1442E1AB17206DBB004B6361 /* StacksDocument.m */ = {isa = PBXFileReference; lastKnownFileType = sourcecode.c.objc; path = StacksDocument.m; sourceTree = "<group>"; };
		1442E1B117206DBB004B6361 /* en */ = {isa = PBXFileReference; lastKnownFileType = file.xib; name = en; path = en.lproj/MainMenu.xib; sourceTree = "<group>"; };
		1442E1B417206DBB004B6361 /* StacksDocument.xcdatamodel */ = {isa = PBXFileReference; lastKnownFileType = wrapper.xcdatamodel; path = StacksDocument.xcdatamodel; sourceTree = "<group>"; };
		1442E1BB17206DBC004B6361 /* StacksGui3Tests.octest */ = {isa = PBXFileReference; explicitFileType = wrapper.cfbundle; includeInIndex = 0; path = StacksGui3Tests.octest; sourceTree = BUILT_PRODUCTS_DIR; };
		1442E1BC17206DBC004B6361 /* SenTestingKit.framework */ = {isa = PBXFileReference; lastKnownFileType = wrapper.framework; name = SenTestingKit.framework; path = Library/Frameworks/SenTestingKit.framework; sourceTree = DEVELOPER_DIR; };
		1442E1C317206DBC004B6361 /* StacksGui3Tests-Info.plist */ = {isa = PBXFileReference; lastKnownFileType = text.plist.xml; path = "StacksGui3Tests-Info.plist"; sourceTree = "<group>"; };
		1442E1C517206DBC004B6361 /* en */ = {isa = PBXFileReference; lastKnownFileType = text.plist.strings; name = en; path = en.lproj/InfoPlist.strings; sourceTree = "<group>"; };
		1442E1C717206DBC004B6361 /* StacksGui3Tests.h */ = {isa = PBXFileReference; lastKnownFileType = sourcecode.c.h; path = StacksGui3Tests.h; sourceTree = "<group>"; };
		1442E1C817206DBC004B6361 /* StacksGui3Tests.m */ = {isa = PBXFileReference; lastKnownFileType = sourcecode.c.objc; path = StacksGui3Tests.m; sourceTree = "<group>"; };
		1466633B17445AF80051E40C /* DatumAlleleMO.h */ = {isa = PBXFileReference; fileEncoding = 4; lastKnownFileType = sourcecode.c.h; path = DatumAlleleMO.h; sourceTree = "<group>"; };
		1466633C17445AF80051E40C /* DatumAlleleMO.m */ = {isa = PBXFileReference; fileEncoding = 4; lastKnownFileType = sourcecode.c.objc; path = DatumAlleleMO.m; sourceTree = "<group>"; };
		149BCBAA1872312F0078D099 /* test.css */ = {isa = PBXFileReference; fileEncoding = 4; lastKnownFileType = text.css; path = test.css; sourceTree = "<group>"; };
		14A1E8E6174449D00056C06F /* DatumSnpMO.h */ = {isa = PBXFileReference; fileEncoding = 4; lastKnownFileType = sourcecode.c.h; path = DatumSnpMO.h; sourceTree = "<group>"; };
		14A1E8E7174449D00056C06F /* DatumSnpMO.m */ = {isa = PBXFileReference; fileEncoding = 4; lastKnownFileType = sourcecode.c.objc; path = DatumSnpMO.m; sourceTree = "<group>"; };
		14A1E8E9174449D80056C06F /* LocusSnpMO.h */ = {isa = PBXFileReference; fileEncoding = 4; lastKnownFileType = sourcecode.c.h; path = LocusSnpMO.h; sourceTree = "<group>"; };
		14A1E8EA174449D80056C06F /* LocusSnpMO.m */ = {isa = PBXFileReference; fileEncoding = 4; lastKnownFileType = sourcecode.c.objc; path = LocusSnpMO.m; sourceTree = "<group>"; };
		14A72B451746A1E60024B2D1 /* LocusArrayController.h */ = {isa = PBXFileReference; fileEncoding = 4; lastKnownFileType = sourcecode.c.h; path = LocusArrayController.h; sourceTree = "<group>"; };
		14A72B461746A1E60024B2D1 /* LocusArrayController.m */ = {isa = PBXFileReference; fileEncoding = 4; lastKnownFileType = sourcecode.c.objc; path = LocusArrayController.m; sourceTree = "<group>"; };
		14A72B481746A5500024B2D1 /* PopulationArrayController.h */ = {isa = PBXFileReference; fileEncoding = 4; lastKnownFileType = sourcecode.c.h; path = PopulationArrayController.h; sourceTree = "<group>"; };
		14A72B491746A5500024B2D1 /* PopulationArrayController.m */ = {isa = PBXFileReference; fileEncoding = 4; lastKnownFileType = sourcecode.c.objc; path = PopulationArrayController.m; sourceTree = "<group>"; };
		14A72B4B1746A7DC0024B2D1 /* DatumArrayController.h */ = {isa = PBXFileReference; fileEncoding = 4; lastKnownFileType = sourcecode.c.h; path = DatumArrayController.h; sourceTree = "<group>"; };
		14A72B4C1746A7DC0024B2D1 /* DatumArrayController.m */ = {isa = PBXFileReference; fileEncoding = 4; lastKnownFileType = sourcecode.c.objc; path = DatumArrayController.m; sourceTree = "<group>"; };
		14DD8DA11864CE93005DA30C /* WebKit.framework */ = {isa = PBXFileReference; lastKnownFileType = wrapper.framework; name = WebKit.framework; path = System/Library/Frameworks/WebKit.framework; sourceTree = SDKROOT; };
		63D5300CEE50E2EFF99D9FA9 /* SnpView.m */ = {isa = PBXFileReference; fileEncoding = 4; lastKnownFileType = sourcecode.c.objc; path = SnpView.m; sourceTree = "<group>"; };
		63D530556A0C5C6B869DB3BF /* DepthRepository.m */ = {isa = PBXFileReference; fileEncoding = 4; lastKnownFileType = sourcecode.c.objc; path = DepthRepository.m; sourceTree = "<group>"; };
		63D530B3764932ACC9CE8F92 /* DepthRepository.h */ = {isa = PBXFileReference; fileEncoding = 4; lastKnownFileType = sourcecode.c.h; path = DepthRepository.h; sourceTree = "<group>"; };
		63D530C2EAE981EF9A5E44E4 /* DatumCollectionViewItem.h */ = {isa = PBXFileReference; fileEncoding = 4; lastKnownFileType = sourcecode.c.h; path = DatumCollectionViewItem.h; sourceTree = "<group>"; };
		63D530DF0317609848E07684 /* LocusRepository.h */ = {isa = PBXFileReference; fileEncoding = 4; lastKnownFileType = sourcecode.c.h; path = LocusRepository.h; sourceTree = "<group>"; };
		63D5311F44388AEE157BD2CD /* LocusView.m */ = {isa = PBXFileReference; fileEncoding = 4; lastKnownFileType = sourcecode.c.objc; path = LocusView.m; sourceTree = "<group>"; };
		63D53146E34901E5A22B3D33 /* StackEntryRepository.m */ = {isa = PBXFileReference; fileEncoding = 4; lastKnownFileType = sourcecode.c.objc; path = StackEntryRepository.m; sourceTree = "<group>"; };
		63D53152900941A896B8CCE9 /* LocusCell.m */ = {isa = PBXFileReference; fileEncoding = 4; lastKnownFileType = sourcecode.c.objc; path = LocusCell.m; sourceTree = "<group>"; };
		63D531804419CD422905AD3F /* StacksView.h */ = {isa = PBXFileReference; fileEncoding = 4; lastKnownFileType = sourcecode.c.h; path = StacksView.h; sourceTree = "<group>"; };
		63D532EFC82E0AE433712145 /* GenotypeEntry.h */ = {isa = PBXFileReference; fileEncoding = 4; lastKnownFileType = sourcecode.c.h; path = GenotypeEntry.h; sourceTree = "<group>"; };
		63D53377E126294FBBA3CAFF /* DatumCollectionViewItem.m */ = {isa = PBXFileReference; fileEncoding = 4; lastKnownFileType = sourcecode.c.objc; path = DatumCollectionViewItem.m; sourceTree = "<group>"; };
		63D534676BD27E8518BBDB92 /* GenotypeEntry.m */ = {isa = PBXFileReference; fileEncoding = 4; lastKnownFileType = sourcecode.c.objc; path = GenotypeEntry.m; sourceTree = "<group>"; };
		63D534CA97F7DF4D5667189A /* HaplotypeRepository.h */ = {isa = PBXFileReference; fileEncoding = 4; lastKnownFileType = sourcecode.c.h; path = HaplotypeRepository.h; sourceTree = "<group>"; };
		63D534F6AA587D896D3DC11B /* StacksConverter.mm */ = {isa = PBXFileReference; fileEncoding = 4; lastKnownFileType = sourcecode.cpp.objcpp; path = StacksConverter.mm; sourceTree = "<group>"; };
		63D53558BC604AF5CB21EDEE /* LocusRepository.m */ = {isa = PBXFileReference; fileEncoding = 4; lastKnownFileType = sourcecode.c.objc; path = LocusRepository.m; sourceTree = "<group>"; };
		63D535BC655183E4F0EA1AAB /* StackEntryRepository.h */ = {isa = PBXFileReference; fileEncoding = 4; lastKnownFileType = sourcecode.c.h; path = StackEntryRepository.h; sourceTree = "<group>"; };
		63D535F2DD9F93E6A22D2211 /* DatumRepository.m */ = {isa = PBXFileReference; fileEncoding = 4; lastKnownFileType = sourcecode.c.objc; path = DatumRepository.m; sourceTree = "<group>"; };
		63D5361AB5A4A6EAA62C5CE7 /* HaplotypeRepository.m */ = {isa = PBXFileReference; fileEncoding = 4; lastKnownFileType = sourcecode.c.objc; path = HaplotypeRepository.m; sourceTree = "<group>"; };
		63D536784C756323263BE1CE /* LocusCell.h */ = {isa = PBXFileReference; fileEncoding = 4; lastKnownFileType = sourcecode.c.h; path = LocusCell.h; sourceTree = "<group>"; };
		63D53689674344677BCBF06E /* SnpRepository.m */ = {isa = PBXFileReference; fileEncoding = 4; lastKnownFileType = sourcecode.c.objc; path = SnpRepository.m; sourceTree = "<group>"; };
		63D536AC65251712D1E68790 /* LocusView.h */ = {isa = PBXFileReference; fileEncoding = 4; lastKnownFileType = sourcecode.c.h; path = LocusView.h; sourceTree = "<group>"; };
		63D537228656D66A61C2C10E /* en */ = {isa = PBXFileReference; lastKnownFileType = file.xib; name = en; path = en.lproj/StacksDocument.xib; sourceTree = "<group>"; };
		63D5378099A61B2CFB032560 /* PopulationCell.h */ = {isa = PBXFileReference; fileEncoding = 4; lastKnownFileType = sourcecode.c.h; path = PopulationCell.h; sourceTree = "<group>"; };
		63D537E9B36961C20399DC49 /* PopulationRepository.h */ = {isa = PBXFileReference; fileEncoding = 4; lastKnownFileType = sourcecode.c.h; path = PopulationRepository.h; sourceTree = "<group>"; };
		63D538AE43D06E9B03B0BC59 /* PopulationRepository.m */ = {isa = PBXFileReference; fileEncoding = 4; lastKnownFileType = sourcecode.c.objc; path = PopulationRepository.m; sourceTree = "<group>"; };
		63D539F4D777500058FBF9BA /* SnpRepository.h */ = {isa = PBXFileReference; fileEncoding = 4; lastKnownFileType = sourcecode.c.h; path = SnpRepository.h; sourceTree = "<group>"; };
		63D53BD5D4E7AA4FBFDB755F /* PopulationCell.m */ = {isa = PBXFileReference; fileEncoding = 4; lastKnownFileType = sourcecode.c.objc; path = PopulationCell.m; sourceTree = "<group>"; };
		63D53D8BC4B48133CB695E5C /* StacksConverter.h */ = {isa = PBXFileReference; fileEncoding = 4; lastKnownFileType = sourcecode.c.h; path = StacksConverter.h; sourceTree = "<group>"; };
		63D53ED3BED907B741C5C706 /* DatumRepository.h */ = {isa = PBXFileReference; fileEncoding = 4; lastKnownFileType = sourcecode.c.h; path = DatumRepository.h; sourceTree = "<group>"; };
		63D53EFA95D4B7DF21498B77 /* StacksView.m */ = {isa = PBXFileReference; fileEncoding = 4; lastKnownFileType = sourcecode.c.objc; path = StacksView.m; sourceTree = "<group>"; };
		63D53F98F88E905D5B4D6620 /* SnpView.h */ = {isa = PBXFileReference; fileEncoding = 4; lastKnownFileType = sourcecode.c.h; path = SnpView.h; sourceTree = "<group>"; };
		6B3207E21752CC04009FF9FB /* DatumView.h */ = {isa = PBXFileReference; fileEncoding = 4; lastKnownFileType = sourcecode.c.h; path = DatumView.h; sourceTree = "<group>"; };
		6B3207E31752CC04009FF9FB /* DatumView.m */ = {isa = PBXFileReference; fileEncoding = 4; lastKnownFileType = sourcecode.c.objc; path = DatumView.m; sourceTree = "<group>"; };
		6B467483173183AB00E42419 /* BowtieI.h */ = {isa = PBXFileReference; fileEncoding = 4; lastKnownFileType = sourcecode.c.h; name = BowtieI.h; path = ../../src/BowtieI.h; sourceTree = "<group>"; };
		6B467484173183AB00E42419 /* BustardI.h */ = {isa = PBXFileReference; fileEncoding = 4; lastKnownFileType = sourcecode.c.h; name = BustardI.h; path = ../../src/BustardI.h; sourceTree = "<group>"; };
		6B467485173183AB00E42419 /* constants.h */ = {isa = PBXFileReference; fileEncoding = 4; lastKnownFileType = sourcecode.c.h; name = constants.h; path = ../../src/constants.h; sourceTree = "<group>"; };
		6B467486173183AB00E42419 /* DNANSeq.cc */ = {isa = PBXFileReference; fileEncoding = 4; lastKnownFileType = sourcecode.cpp.cpp; name = DNANSeq.cc; path = ../../src/DNANSeq.cc; sourceTree = "<group>"; };
		6B467487173183AB00E42419 /* DNANSeq.h */ = {isa = PBXFileReference; fileEncoding = 4; lastKnownFileType = sourcecode.c.h; name = DNANSeq.h; path = ../../src/DNANSeq.h; sourceTree = "<group>"; };
		6B467488173183AB00E42419 /* DNASeq.cc */ = {isa = PBXFileReference; fileEncoding = 4; lastKnownFileType = sourcecode.cpp.cpp; name = DNASeq.cc; path = ../../src/DNASeq.cc; sourceTree = "<group>"; };
		6B467489173183AB00E42419 /* DNASeq.h */ = {isa = PBXFileReference; fileEncoding = 4; lastKnownFileType = sourcecode.c.h; name = DNASeq.h; path = ../../src/DNASeq.h; sourceTree = "<group>"; };
		6B46748A173183AB00E42419 /* FastaI.h */ = {isa = PBXFileReference; fileEncoding = 4; lastKnownFileType = sourcecode.c.h; name = FastaI.h; path = ../../src/FastaI.h; sourceTree = "<group>"; };
		6B46748B173183AB00E42419 /* FastqI.h */ = {isa = PBXFileReference; fileEncoding = 4; lastKnownFileType = sourcecode.c.h; name = FastqI.h; path = ../../src/FastqI.h; sourceTree = "<group>"; };
		6B46748C173183AB00E42419 /* genotype_dictionaries.h */ = {isa = PBXFileReference; fileEncoding = 4; lastKnownFileType = sourcecode.c.h; name = genotype_dictionaries.h; path = ../../src/genotype_dictionaries.h; sourceTree = "<group>"; };
		6B46748D173183AB00E42419 /* gzFasta.h */ = {isa = PBXFileReference; fileEncoding = 4; lastKnownFileType = sourcecode.c.h; name = gzFasta.h; path = ../../src/gzFasta.h; sourceTree = "<group>"; };
		6B46748E173183AB00E42419 /* gzFastq.h */ = {isa = PBXFileReference; fileEncoding = 4; lastKnownFileType = sourcecode.c.h; name = gzFastq.h; path = ../../src/gzFastq.h; sourceTree = "<group>"; };
		6B46748F173183AB00E42419 /* locus.cc */ = {isa = PBXFileReference; fileEncoding = 4; lastKnownFileType = sourcecode.cpp.cpp; name = locus.cc; path = ../../src/locus.cc; sourceTree = "<group>"; };
		6B467490173183AB00E42419 /* locus.h */ = {isa = PBXFileReference; fileEncoding = 4; lastKnownFileType = sourcecode.c.h; name = locus.h; path = ../../src/locus.h; sourceTree = "<group>"; };
		6B467491173183AB00E42419 /* mst.cc */ = {isa = PBXFileReference; fileEncoding = 4; lastKnownFileType = sourcecode.cpp.cpp; name = mst.cc; path = ../../src/mst.cc; sourceTree = "<group>"; };
		6B467492173183AB00E42419 /* mst.h */ = {isa = PBXFileReference; fileEncoding = 4; lastKnownFileType = sourcecode.c.h; name = mst.h; path = ../../src/mst.h; sourceTree = "<group>"; };
		6B467493173183AB00E42419 /* PopMap.h */ = {isa = PBXFileReference; fileEncoding = 4; lastKnownFileType = sourcecode.c.h; name = PopMap.h; path = ../../src/PopMap.h; sourceTree = "<group>"; };
		6B467494173183AB00E42419 /* PopSum.h */ = {isa = PBXFileReference; fileEncoding = 4; lastKnownFileType = sourcecode.c.h; name = PopSum.h; path = ../../src/PopSum.h; sourceTree = "<group>"; };
		6B467495173183AB00E42419 /* renz.h */ = {isa = PBXFileReference; fileEncoding = 4; lastKnownFileType = sourcecode.c.h; name = renz.h; path = ../../src/renz.h; sourceTree = "<group>"; };
		6B467496173183AB00E42419 /* SamI.h */ = {isa = PBXFileReference; fileEncoding = 4; lastKnownFileType = sourcecode.c.h; name = SamI.h; path = ../../src/SamI.h; sourceTree = "<group>"; };
		6B467497173183AB00E42419 /* sql_utilities.h */ = {isa = PBXFileReference; fileEncoding = 4; lastKnownFileType = sourcecode.c.h; name = sql_utilities.h; path = ../../src/sql_utilities.h; sourceTree = "<group>"; };
		6B467498173183AB00E42419 /* stacks.cc */ = {isa = PBXFileReference; fileEncoding = 4; lastKnownFileType = sourcecode.cpp.cpp; name = stacks.cc; path = ../../src/stacks.cc; sourceTree = "<group>"; };
		6B467499173183AB00E42419 /* stacks.h */ = {isa = PBXFileReference; fileEncoding = 4; lastKnownFileType = sourcecode.c.h; name = stacks.h; path = ../../src/stacks.h; sourceTree = "<group>"; };
		6B46749A173183AB00E42419 /* Tsv.h */ = {isa = PBXFileReference; fileEncoding = 4; lastKnownFileType = sourcecode.c.h; name = Tsv.h; path = ../../src/Tsv.h; sourceTree = "<group>"; };
		6B46749B173183AB00E42419 /* utils.cc */ = {isa = PBXFileReference; fileEncoding = 4; lastKnownFileType = sourcecode.cpp.cpp; name = utils.cc; path = ../../src/utils.cc; sourceTree = "<group>"; };
		6B46749C173183AB00E42419 /* utils.h */ = {isa = PBXFileReference; fileEncoding = 4; lastKnownFileType = sourcecode.c.h; name = utils.h; path = ../../src/utils.h; sourceTree = "<group>"; };
		6B4674A3173183C300E42419 /* libz.1.2.7.dylib */ = {isa = PBXFileReference; lastKnownFileType = "compiled.mach-o.dylib"; path = libz.1.2.7.dylib; sourceTree = "<group>"; };
		6B4674A81731872600E42419 /* input.cc */ = {isa = PBXFileReference; fileEncoding = 4; lastKnownFileType = sourcecode.cpp.cpp; name = input.cc; path = ../../src/input.cc; sourceTree = "<group>"; };
		6B4674A91731872600E42419 /* input.h */ = {isa = PBXFileReference; fileEncoding = 4; lastKnownFileType = sourcecode.c.h; name = input.h; path = ../../src/input.h; sourceTree = "<group>"; };
		6B77C0DF17D1467600987B98 /* StacksDocumentController.h */ = {isa = PBXFileReference; fileEncoding = 4; lastKnownFileType = sourcecode.c.h; path = StacksDocumentController.h; sourceTree = "<group>"; };
		6B77C0E017D1467600987B98 /* StacksDocumentController.m */ = {isa = PBXFileReference; fileEncoding = 4; lastKnownFileType = sourcecode.c.objc; path = StacksDocumentController.m; sourceTree = "<group>"; };
		6B81723B17DFD684002FB907 /* ProgressController.h */ = {isa = PBXFileReference; fileEncoding = 4; lastKnownFileType = sourcecode.c.h; path = ProgressController.h; sourceTree = "<group>"; };
		6B81723C17DFD684002FB907 /* ProgressController.m */ = {isa = PBXFileReference; fileEncoding = 4; lastKnownFileType = sourcecode.c.objc; path = ProgressController.m; sourceTree = "<group>"; };
		6B81723D17DFD684002FB907 /* ProgressController.xib */ = {isa = PBXFileReference; fileEncoding = 4; lastKnownFileType = file.xib; path = ProgressController.xib; sourceTree = "<group>"; };
		6B866D55187B639800952435 /* stacks.css */ = {isa = PBXFileReference; fileEncoding = 4; lastKnownFileType = text.css; path = stacks.css; sourceTree = "<group>"; };
		6BB1484D181737B600D87C87 /* ColorGenerator.h */ = {isa = PBXFileReference; fileEncoding = 4; lastKnownFileType = sourcecode.c.h; path = ColorGenerator.h; sourceTree = "<group>"; };
		6BB1484E181737B600D87C87 /* ColorGenerator.m */ = {isa = PBXFileReference; fileEncoding = 4; lastKnownFileType = sourcecode.c.objc; path = ColorGenerator.m; sourceTree = "<group>"; };
		6BEBC5D917E8F71B00B48C79 /* HaplotypeMO.h */ = {isa = PBXFileReference; fileEncoding = 4; lastKnownFileType = sourcecode.c.h; path = HaplotypeMO.h; sourceTree = "<group>"; };
		6BEBC5DA17E8F71B00B48C79 /* HaplotypeMO.m */ = {isa = PBXFileReference; fileEncoding = 4; lastKnownFileType = sourcecode.c.objc; path = HaplotypeMO.m; sourceTree = "<group>"; };
		6BEBC5DC17E8F71C00B48C79 /* AlleleMO.h */ = {isa = PBXFileReference; fileEncoding = 4; lastKnownFileType = sourcecode.c.h; path = AlleleMO.h; sourceTree = "<group>"; };
		6BEBC5DD17E8F71C00B48C79 /* AlleleMO.m */ = {isa = PBXFileReference; fileEncoding = 4; lastKnownFileType = sourcecode.c.objc; path = AlleleMO.m; sourceTree = "<group>"; };
		6BEBC5DF17E8F71C00B48C79 /* DepthMO.h */ = {isa = PBXFileReference; fileEncoding = 4; lastKnownFileType = sourcecode.c.h; path = DepthMO.h; sourceTree = "<group>"; };
		6BEBC5E017E8F71C00B48C79 /* DepthMO.m */ = {isa = PBXFileReference; fileEncoding = 4; lastKnownFileType = sourcecode.c.objc; path = DepthMO.m; sourceTree = "<group>"; };
		6BEBC5E217E8F71C00B48C79 /* SnpMO.h */ = {isa = PBXFileReference; fileEncoding = 4; lastKnownFileType = sourcecode.c.h; path = SnpMO.h; sourceTree = "<group>"; };
		6BEBC5E317E8F71C00B48C79 /* SnpMO.m */ = {isa = PBXFileReference; fileEncoding = 4; lastKnownFileType = sourcecode.c.objc; path = SnpMO.m; sourceTree = "<group>"; };
		D793C0562E8CF1695DFEB1B1 /* StacksAppDelegate.h */ = {isa = PBXFileReference; fileEncoding = 4; lastKnownFileType = sourcecode.c.h; path = StacksAppDelegate.h; sourceTree = "<group>"; };
		D793C09ACB3E8D99724E31E1 /* StacksApplicationController.h */ = {isa = PBXFileReference; fileEncoding = 4; lastKnownFileType = sourcecode.c.h; path = StacksApplicationController.h; sourceTree = "<group>"; };
		D793C0D6DD3279E830428307 /* StacksImportMenuItem.m */ = {isa = PBXFileReference; fileEncoding = 4; lastKnownFileType = sourcecode.c.objc; path = StacksImportMenuItem.m; sourceTree = "<group>"; };
		D793C30B70F0B18AAD31F9DB /* StacksApplicationController.m */ = {isa = PBXFileReference; fileEncoding = 4; lastKnownFileType = sourcecode.c.objc; path = StacksApplicationController.m; sourceTree = "<group>"; };
		D793C4A57535355A029B6C52 /* SampleRepository.h */ = {isa = PBXFileReference; fileEncoding = 4; lastKnownFileType = sourcecode.c.h; path = SampleRepository.h; sourceTree = "<group>"; };
		D793C634902255B9E726C00C /* AlleleRepository.h */ = {isa = PBXFileReference; fileEncoding = 4; lastKnownFileType = sourcecode.c.h; path = AlleleRepository.h; sourceTree = "<group>"; };
		D793C907C035E29655E283F1 /* AlleleRepository.m */ = {isa = PBXFileReference; fileEncoding = 4; lastKnownFileType = sourcecode.c.objc; path = AlleleRepository.m; sourceTree = "<group>"; };
		D793C907D04E589764C9E424 /* SampleRepository.m */ = {isa = PBXFileReference; fileEncoding = 4; lastKnownFileType = sourcecode.c.objc; path = SampleRepository.m; sourceTree = "<group>"; };
		D793C912A36EC59D0DDD8E85 /* StacksEntryView.m */ = {isa = PBXFileReference; fileEncoding = 4; lastKnownFileType = sourcecode.c.objc; path = StacksEntryView.m; sourceTree = "<group>"; };
		D793C964A737402550F7E78F /* StacksEntryView.h */ = {isa = PBXFileReference; fileEncoding = 4; lastKnownFileType = sourcecode.c.h; path = StacksEntryView.h; sourceTree = "<group>"; };
		D793CD5C363C8FDC0CBA649A /* StacksImportMenuItem.h */ = {isa = PBXFileReference; fileEncoding = 4; lastKnownFileType = sourcecode.c.h; path = StacksImportMenuItem.h; sourceTree = "<group>"; };
		D793CFCB30840FDE9B15DB2D /* StacksAppDelegate.m */ = {isa = PBXFileReference; fileEncoding = 4; lastKnownFileType = sourcecode.c.objc; path = StacksAppDelegate.m; sourceTree = "<group>"; };
/* End PBXFileReference section */

/* Begin PBXFrameworksBuildPhase section */
		1442E19217206DBB004B6361 /* Frameworks */ = {
			isa = PBXFrameworksBuildPhase;
			buildActionMask = 2147483647;
			files = (
				14DD8DA21864CE93005DA30C /* WebKit.framework in Frameworks */,
				1442E19917206DBB004B6361 /* Cocoa.framework in Frameworks */,
				6B4674A4173183C300E42419 /* libz.1.2.7.dylib in Frameworks */,
			);
			runOnlyForDeploymentPostprocessing = 0;
		};
		1442E1B717206DBC004B6361 /* Frameworks */ = {
			isa = PBXFrameworksBuildPhase;
			buildActionMask = 2147483647;
			files = (
				1442E1BD17206DBC004B6361 /* SenTestingKit.framework in Frameworks */,
				1442E1BE17206DBC004B6361 /* Cocoa.framework in Frameworks */,
			);
			runOnlyForDeploymentPostprocessing = 0;
		};
/* End PBXFrameworksBuildPhase section */

/* Begin PBXGroup section */
		1442E18C17206DBB004B6361 = {
			isa = PBXGroup;
			children = (
				1442E19E17206DBB004B6361 /* vStacks */,
				1442E1C117206DBC004B6361 /* StacksGui3Tests */,
				1442E19717206DBB004B6361 /* Frameworks */,
				1442E19617206DBB004B6361 /* Products */,
			);
			sourceTree = "<group>";
		};
		1442E19617206DBB004B6361 /* Products */ = {
			isa = PBXGroup;
			children = (
				1442E19517206DBB004B6361 /* StacksGui3.app */,
				1442E1BB17206DBC004B6361 /* StacksGui3Tests.octest */,
			);
			name = Products;
			sourceTree = "<group>";
		};
		1442E19717206DBB004B6361 /* Frameworks */ = {
			isa = PBXGroup;
			children = (
				14DD8DA11864CE93005DA30C /* WebKit.framework */,
				1442E19817206DBB004B6361 /* Cocoa.framework */,
				1442E1BC17206DBC004B6361 /* SenTestingKit.framework */,
				1442E19A17206DBB004B6361 /* Other Frameworks */,
			);
			name = Frameworks;
			sourceTree = "<group>";
		};
		1442E19A17206DBB004B6361 /* Other Frameworks */ = {
			isa = PBXGroup;
			children = (
				1442E19B17206DBB004B6361 /* AppKit.framework */,
				1442E19C17206DBB004B6361 /* CoreData.framework */,
				1442E19D17206DBB004B6361 /* Foundation.framework */,
			);
			name = "Other Frameworks";
			sourceTree = "<group>";
		};
		1442E19E17206DBB004B6361 /* vStacks */ = {
			isa = PBXGroup;
			children = (
				6BDD89361868D16300906562 /* www */,
				6B4674A71731845600E42419 /* Service */,
				6B4674A6173183FE00E42419 /* Model */,
				6B4674A5173183F700E42419 /* GUI */,
				6B4674811731835500E42419 /* stacks */,
				1442E19F17206DBB004B6361 /* Supporting Files */,
				D793C912A36EC59D0DDD8E85 /* StacksEntryView.m */,
				D793C964A737402550F7E78F /* StacksEntryView.h */,
			);
			name = vStacks;
			path = StacksGui3;
			sourceTree = "<group>";
		};
		1442E19F17206DBB004B6361 /* Supporting Files */ = {
			isa = PBXGroup;
			children = (
				1442E1A017206DBB004B6361 /* StacksGui3-Info.plist */,
				1442E1A117206DBB004B6361 /* InfoPlist.strings */,
				1442E1A417206DBB004B6361 /* main.m */,
				1442E1A617206DBB004B6361 /* StacksGui3-Prefix.pch */,
				1442E1A717206DBB004B6361 /* Credits.rtf */,
			);
			name = "Supporting Files";
			sourceTree = "<group>";
		};
		1442E1C117206DBC004B6361 /* StacksGui3Tests */ = {
			isa = PBXGroup;
			children = (
				1442E1C717206DBC004B6361 /* StacksGui3Tests.h */,
				1442E1C817206DBC004B6361 /* StacksGui3Tests.m */,
				1442E1C217206DBC004B6361 /* Supporting Files */,
			);
			path = StacksGui3Tests;
			sourceTree = "<group>";
		};
		1442E1C217206DBC004B6361 /* Supporting Files */ = {
			isa = PBXGroup;
			children = (
				1442E1C317206DBC004B6361 /* StacksGui3Tests-Info.plist */,
				1442E1C417206DBC004B6361 /* InfoPlist.strings */,
			);
			name = "Supporting Files";
			sourceTree = "<group>";
		};
		6B4674811731835500E42419 /* stacks */ = {
			isa = PBXGroup;
			children = (
				6B467483173183AB00E42419 /* BowtieI.h */,
				6B467484173183AB00E42419 /* BustardI.h */,
				6B467485173183AB00E42419 /* constants.h */,
				6B467486173183AB00E42419 /* DNANSeq.cc */,
				6B467487173183AB00E42419 /* DNANSeq.h */,
				6B467488173183AB00E42419 /* DNASeq.cc */,
				6B467489173183AB00E42419 /* DNASeq.h */,
				6B46748A173183AB00E42419 /* FastaI.h */,
				6B46748B173183AB00E42419 /* FastqI.h */,
				6B46748C173183AB00E42419 /* genotype_dictionaries.h */,
				6B46748D173183AB00E42419 /* gzFasta.h */,
				6B46748E173183AB00E42419 /* gzFastq.h */,
				6B4674A81731872600E42419 /* input.cc */,
				6B4674A91731872600E42419 /* input.h */,
				6B4674A3173183C300E42419 /* libz.1.2.7.dylib */,
				6B46748F173183AB00E42419 /* locus.cc */,
				6B467490173183AB00E42419 /* locus.h */,
				6B467491173183AB00E42419 /* mst.cc */,
				6B467492173183AB00E42419 /* mst.h */,
				6B467493173183AB00E42419 /* PopMap.h */,
				6B467494173183AB00E42419 /* PopSum.h */,
				6B467495173183AB00E42419 /* renz.h */,
				6B467496173183AB00E42419 /* SamI.h */,
				6B467497173183AB00E42419 /* sql_utilities.h */,
				6B467498173183AB00E42419 /* stacks.cc */,
				6B467499173183AB00E42419 /* stacks.h */,
				6B46749A173183AB00E42419 /* Tsv.h */,
				6B46749B173183AB00E42419 /* utils.cc */,
				6B46749C173183AB00E42419 /* utils.h */,
			);
			name = stacks;
			sourceTree = "<group>";
		};
		6B4674A5173183F700E42419 /* GUI */ = {
			isa = PBXGroup;
			children = (
				6BB1484D181737B600D87C87 /* ColorGenerator.h */,
				6BB1484E181737B600D87C87 /* ColorGenerator.m */,
				63D53D3DA1B67441F7C8386C /* StacksDocument.xib */,
				1442E1B017206DBB004B6361 /* MainMenu.xib */,
				63D53EFA95D4B7DF21498B77 /* StacksView.m */,
				63D531804419CD422905AD3F /* StacksView.h */,
				63D5300CEE50E2EFF99D9FA9 /* SnpView.m */,
				63D53F98F88E905D5B4D6620 /* SnpView.h */,
				63D53152900941A896B8CCE9 /* LocusCell.m */,
				63D536784C756323263BE1CE /* LocusCell.h */,
				63D5378099A61B2CFB032560 /* PopulationCell.h */,
				63D53BD5D4E7AA4FBFDB755F /* PopulationCell.m */,
				63D536AC65251712D1E68790 /* LocusView.h */,
				63D534676BD27E8518BBDB92 /* GenotypeEntry.m */,
				63D532EFC82E0AE433712145 /* GenotypeEntry.h */,
				63D5311F44388AEE157BD2CD /* LocusView.m */,
				14A72B451746A1E60024B2D1 /* LocusArrayController.h */,
				14A72B461746A1E60024B2D1 /* LocusArrayController.m */,
				14A72B481746A5500024B2D1 /* PopulationArrayController.h */,
				14A72B491746A5500024B2D1 /* PopulationArrayController.m */,
				14A72B4B1746A7DC0024B2D1 /* DatumArrayController.h */,
				14A72B4C1746A7DC0024B2D1 /* DatumArrayController.m */,
				6B3207E21752CC04009FF9FB /* DatumView.h */,
				6B3207E31752CC04009FF9FB /* DatumView.m */,
				63D53377E126294FBBA3CAFF /* DatumCollectionViewItem.m */,
				63D530C2EAE981EF9A5E44E4 /* DatumCollectionViewItem.h */,
				6B77C0DF17D1467600987B98 /* StacksDocumentController.h */,
				6B77C0E017D1467600987B98 /* StacksDocumentController.m */,
				D793CFCB30840FDE9B15DB2D /* StacksAppDelegate.m */,
				D793C0562E8CF1695DFEB1B1 /* StacksAppDelegate.h */,
				D793C30B70F0B18AAD31F9DB /* StacksApplicationController.m */,
				D793C09ACB3E8D99724E31E1 /* StacksApplicationController.h */,
				D793C0D6DD3279E830428307 /* StacksImportMenuItem.m */,
				D793CD5C363C8FDC0CBA649A /* StacksImportMenuItem.h */,
				6B81723B17DFD684002FB907 /* ProgressController.h */,
				6B81723C17DFD684002FB907 /* ProgressController.m */,
				6B81723D17DFD684002FB907 /* ProgressController.xib */,
			);
			name = GUI;
			sourceTree = "<group>";
		};
		6B4674A6173183FE00E42419 /* Model */ = {
			isa = PBXGroup;
			children = (
				1442E1AA17206DBB004B6361 /* StacksDocument.h */,
				1442E1AB17206DBB004B6361 /* StacksDocument.m */,
				1442E1B317206DBB004B6361 /* StacksDocument.xcdatamodeld */,
				6BEBC5DC17E8F71C00B48C79 /* AlleleMO.h */,
				6BEBC5DD17E8F71C00B48C79 /* AlleleMO.m */,
				6BEBC5E217E8F71C00B48C79 /* SnpMO.h */,
				6BEBC5E317E8F71C00B48C79 /* SnpMO.m */,
				6BEBC5DF17E8F71C00B48C79 /* DepthMO.h */,
				6BEBC5E017E8F71C00B48C79 /* DepthMO.m */,
				6BEBC5D917E8F71B00B48C79 /* HaplotypeMO.h */,
				6BEBC5DA17E8F71B00B48C79 /* HaplotypeMO.m */,
				1466633B17445AF80051E40C /* DatumAlleleMO.h */,
				1466633C17445AF80051E40C /* DatumAlleleMO.m */,
				14A1E8E9174449D80056C06F /* LocusSnpMO.h */,
				14A1E8EA174449D80056C06F /* LocusSnpMO.m */,
				14A1E8E6174449D00056C06F /* DatumSnpMO.h */,
				14A1E8E7174449D00056C06F /* DatumSnpMO.m */,
				1429B9F217442D0300CAC7F2 /* ConsensusStackEntryMO.h */,
				1429B9F317442D0300CAC7F2 /* ConsensusStackEntryMO.m */,
				1431B45C17440CF8006FD2BC /* SampleMO.h */,
				1431B45D17440CF8006FD2BC /* SampleMO.m */,
				1431B45917440CF8006FD2BC /* ModelStackEntryMO.h */,
				1431B45A17440CF8006FD2BC /* ModelStackEntryMO.m */,
				1431B45017440CF8006FD2BC /* LocusAlleleMO.h */,
				1431B45117440CF8006FD2BC /* LocusAlleleMO.m */,
				1431B44A17440CF8006FD2BC /* PopulationMO.h */,
				1431B44B17440CF8006FD2BC /* PopulationMO.m */,
				1431B44417440CF8006FD2BC /* StackEntryMO.h */,
				1431B44517440CF8006FD2BC /* StackEntryMO.m */,
				1431B44117440CF8006FD2BC /* ReferenceStackEntryMO.h */,
				1431B44217440CF8006FD2BC /* ReferenceStackEntryMO.m */,
				1431B43B17440CF7006FD2BC /* DatumMO.h */,
				1431B43C17440CF7006FD2BC /* DatumMO.m */,
				1431B43217440CF7006FD2BC /* LocusMO.h */,
				1431B43317440CF7006FD2BC /* LocusMO.m */,
			);
			name = Model;
			sourceTree = "<group>";
		};
		6B4674A71731845600E42419 /* Service */ = {
			isa = PBXGroup;
			children = (
				63D534F6AA587D896D3DC11B /* StacksConverter.mm */,
				63D53D8BC4B48133CB695E5C /* StacksConverter.h */,
				D793C907D04E589764C9E424 /* SampleRepository.m */,
				D793C4A57535355A029B6C52 /* SampleRepository.h */,
				63D538AE43D06E9B03B0BC59 /* PopulationRepository.m */,
				63D537E9B36961C20399DC49 /* PopulationRepository.h */,
				63D53689674344677BCBF06E /* SnpRepository.m */,
				63D539F4D777500058FBF9BA /* SnpRepository.h */,
				63D535F2DD9F93E6A22D2211 /* DatumRepository.m */,
				63D53ED3BED907B741C5C706 /* DatumRepository.h */,
				63D530556A0C5C6B869DB3BF /* DepthRepository.m */,
				63D530B3764932ACC9CE8F92 /* DepthRepository.h */,
				63D53558BC604AF5CB21EDEE /* LocusRepository.m */,
				63D530DF0317609848E07684 /* LocusRepository.h */,
				63D5361AB5A4A6EAA62C5CE7 /* HaplotypeRepository.m */,
				63D534CA97F7DF4D5667189A /* HaplotypeRepository.h */,
				63D53146E34901E5A22B3D33 /* StackEntryRepository.m */,
				63D535BC655183E4F0EA1AAB /* StackEntryRepository.h */,
				D793C907C035E29655E283F1 /* AlleleRepository.m */,
				D793C634902255B9E726C00C /* AlleleRepository.h */,
			);
			name = Service;
			sourceTree = "<group>";
		};
		6BDD89361868D16300906562 /* www */ = {
			isa = PBXGroup;
			children = (
				6BDD893A1868D46800906562 /* css */,
			);
			name = www;
			sourceTree = "<group>";
		};
		6BDD893A1868D46800906562 /* css */ = {
			isa = PBXGroup;
			children = (
				6B866D55187B639800952435 /* stacks.css */,
				149BCBAA1872312F0078D099 /* test.css */,
			);
			name = css;
			sourceTree = "<group>";
		};
/* End PBXGroup section */

/* Begin PBXNativeTarget section */
		1442E19417206DBB004B6361 /* StacksGui3 */ = {
			isa = PBXNativeTarget;
			buildConfigurationList = 1442E1CC17206DBC004B6361 /* Build configuration list for PBXNativeTarget "StacksGui3" */;
			buildPhases = (
				1442E19117206DBB004B6361 /* Sources */,
				1442E19217206DBB004B6361 /* Frameworks */,
				1442E19317206DBB004B6361 /* Resources */,
			);
			buildRules = (
			);
			dependencies = (
			);
			name = StacksGui3;
			productName = StacksGui3;
			productReference = 1442E19517206DBB004B6361 /* StacksGui3.app */;
			productType = "com.apple.product-type.application";
		};
		1442E1BA17206DBC004B6361 /* StacksGui3Tests */ = {
			isa = PBXNativeTarget;
			buildConfigurationList = 1442E1CF17206DBC004B6361 /* Build configuration list for PBXNativeTarget "StacksGui3Tests" */;
			buildPhases = (
				1442E1B617206DBC004B6361 /* Sources */,
				1442E1B717206DBC004B6361 /* Frameworks */,
				1442E1B817206DBC004B6361 /* Resources */,
				1442E1B917206DBC004B6361 /* ShellScript */,
			);
			buildRules = (
			);
			dependencies = (
				1442E1C017206DBC004B6361 /* PBXTargetDependency */,
			);
			name = StacksGui3Tests;
			productName = StacksGui3Tests;
			productReference = 1442E1BB17206DBC004B6361 /* StacksGui3Tests.octest */;
			productType = "com.apple.product-type.bundle";
		};
/* End PBXNativeTarget section */

/* Begin PBXProject section */
		1442E18D17206DBB004B6361 /* Project object */ = {
			isa = PBXProject;
			attributes = {
				CLASSPREFIX = Stacks;
				LastUpgradeCheck = 0500;
				ORGANIZATIONNAME = "Nathan Dunn";
			};
			buildConfigurationList = 1442E19017206DBB004B6361 /* Build configuration list for PBXProject "StacksGui3" */;
			compatibilityVersion = "Xcode 3.2";
			developmentRegion = English;
			hasScannedForEncodings = 0;
			knownRegions = (
				en,
			);
			mainGroup = 1442E18C17206DBB004B6361;
			productRefGroup = 1442E19617206DBB004B6361 /* Products */;
			projectDirPath = "";
			projectRoot = "";
			targets = (
				1442E19417206DBB004B6361 /* StacksGui3 */,
				1442E1BA17206DBC004B6361 /* StacksGui3Tests */,
			);
		};
/* End PBXProject section */

/* Begin PBXResourcesBuildPhase section */
		1442E19317206DBB004B6361 /* Resources */ = {
			isa = PBXResourcesBuildPhase;
			buildActionMask = 2147483647;
			files = (
				1442E1A317206DBB004B6361 /* InfoPlist.strings in Resources */,
				6B866D56187B639800952435 /* stacks.css in Resources */,
				1442E1A917206DBB004B6361 /* Credits.rtf in Resources */,
				1442E1B217206DBB004B6361 /* MainMenu.xib in Resources */,
				63D53F09D355842335914336 /* StacksDocument.xib in Resources */,
				149BCBAB1872312F0078D099 /* test.css in Resources */,
				6B81723F17DFD684002FB907 /* ProgressController.xib in Resources */,
			);
			runOnlyForDeploymentPostprocessing = 0;
		};
		1442E1B817206DBC004B6361 /* Resources */ = {
			isa = PBXResourcesBuildPhase;
			buildActionMask = 2147483647;
			files = (
				1442E1C617206DBC004B6361 /* InfoPlist.strings in Resources */,
			);
			runOnlyForDeploymentPostprocessing = 0;
		};
/* End PBXResourcesBuildPhase section */

/* Begin PBXShellScriptBuildPhase section */
		1442E1B917206DBC004B6361 /* ShellScript */ = {
			isa = PBXShellScriptBuildPhase;
			buildActionMask = 2147483647;
			files = (
			);
			inputPaths = (
			);
			outputPaths = (
			);
			runOnlyForDeploymentPostprocessing = 0;
			shellPath = /bin/sh;
			shellScript = "# Run the unit tests in this test bundle.\n\"${SYSTEM_DEVELOPER_DIR}/Tools/RunUnitTests\"\n";
		};
/* End PBXShellScriptBuildPhase section */

/* Begin PBXSourcesBuildPhase section */
		1442E19117206DBB004B6361 /* Sources */ = {
			isa = PBXSourcesBuildPhase;
			buildActionMask = 2147483647;
			files = (
				1442E1A517206DBB004B6361 /* main.m in Sources */,
				1442E1AC17206DBB004B6361 /* StacksDocument.m in Sources */,
				1442E1B517206DBB004B6361 /* StacksDocument.xcdatamodeld in Sources */,
				6B46749D173183AB00E42419 /* DNANSeq.cc in Sources */,
				6B46749E173183AB00E42419 /* DNASeq.cc in Sources */,
				6B46749F173183AB00E42419 /* locus.cc in Sources */,
				6B4674A0173183AB00E42419 /* mst.cc in Sources */,
				6B4674A1173183AB00E42419 /* stacks.cc in Sources */,
				6B4674A2173183AB00E42419 /* utils.cc in Sources */,
				63D53C66C975A160E74A5CA3 /* StacksView.m in Sources */,
				63D53D7AA2ECE7DFF96DC4AC /* SnpView.m in Sources */,
				6B4674AA1731872600E42419 /* input.cc in Sources */,
				63D5373EE2F31FA8CF4F5F1A /* LocusCell.m in Sources */,
				63D53CFA3A01C35492B74405 /* PopulationCell.m in Sources */,
				63D53A7B98C0266C27BCB428 /* GenotypeEntry.m in Sources */,
				63D53BDDE2EE5FB78660C9E1 /* LocusView.m in Sources */,
				63D53BAAED00BA9776516730 /* StacksConverter.mm in Sources */,
				D793C0F3A4CB3044602B1F3F /* SampleRepository.m in Sources */,
				63D5347912394D8EC31E2F3E /* PopulationRepository.m in Sources */,
				63D53D3EB72A92AA5C40B665 /* SnpRepository.m in Sources */,
				63D53E8EEFB2658C1ABFB10C /* DatumRepository.m in Sources */,
				63D53922F24CBD38E628870C /* DepthRepository.m in Sources */,
				63D539193E198FC341D4D036 /* LocusRepository.m in Sources */,
				6BB1484F181737B700D87C87 /* ColorGenerator.m in Sources */,
				63D5324CC3F9B03789008CE5 /* HaplotypeRepository.m in Sources */,
				63D53E9B9995E1FAAA1FF1ED /* StackEntryRepository.m in Sources */,
				1431B43417440CF7006FD2BC /* LocusMO.m in Sources */,
				1431B43D17440CF7006FD2BC /* DatumMO.m in Sources */,
				1431B44317440CF8006FD2BC /* ReferenceStackEntryMO.m in Sources */,
				1431B44617440CF8006FD2BC /* StackEntryMO.m in Sources */,
				1431B44C17440CF8006FD2BC /* PopulationMO.m in Sources */,
				1431B45217440CF8006FD2BC /* LocusAlleleMO.m in Sources */,
				1431B45B17440CF8006FD2BC /* ModelStackEntryMO.m in Sources */,
				1431B45E17440CF8006FD2BC /* SampleMO.m in Sources */,
				1429B9F417442D0300CAC7F2 /* ConsensusStackEntryMO.m in Sources */,
				14A1E8E8174449D00056C06F /* DatumSnpMO.m in Sources */,
				14A1E8EB174449D80056C06F /* LocusSnpMO.m in Sources */,
				D793C6F5BDAD1E1FA91892F2 /* AlleleRepository.m in Sources */,
				1466633D17445AF80051E40C /* DatumAlleleMO.m in Sources */,
				14A72B471746A1E60024B2D1 /* LocusArrayController.m in Sources */,
				14A72B4A1746A5500024B2D1 /* PopulationArrayController.m in Sources */,
				14A72B4D1746A7DC0024B2D1 /* DatumArrayController.m in Sources */,
				6B3207E41752CC04009FF9FB /* DatumView.m in Sources */,
				63D53A37F18B0802DB8CEEAF /* DatumCollectionViewItem.m in Sources */,
				6B77C0E117D1467600987B98 /* StacksDocumentController.m in Sources */,
				D793C43EDB0ABD3CE3E0047B /* StacksAppDelegate.m in Sources */,
				D793C1B281A1C40A30CE8AEF /* StacksApplicationController.m in Sources */,
				D793C7E7AAF6AF5E0DAA658E /* StacksImportMenuItem.m in Sources */,
				6B81723E17DFD684002FB907 /* ProgressController.m in Sources */,
				6BEBC5DB17E8F71B00B48C79 /* HaplotypeMO.m in Sources */,
				6BEBC5DE17E8F71C00B48C79 /* AlleleMO.m in Sources */,
				6BEBC5E117E8F71C00B48C79 /* DepthMO.m in Sources */,
				6BEBC5E417E8F71C00B48C79 /* SnpMO.m in Sources */,
				D793C309645E2B03A5B980F1 /* StacksEntryView.m in Sources */,
			);
			runOnlyForDeploymentPostprocessing = 0;
		};
		1442E1B617206DBC004B6361 /* Sources */ = {
			isa = PBXSourcesBuildPhase;
			buildActionMask = 2147483647;
			files = (
				1442E1C917206DBC004B6361 /* StacksGui3Tests.m in Sources */,
			);
			runOnlyForDeploymentPostprocessing = 0;
		};
/* End PBXSourcesBuildPhase section */

/* Begin PBXTargetDependency section */
		1442E1C017206DBC004B6361 /* PBXTargetDependency */ = {
			isa = PBXTargetDependency;
			target = 1442E19417206DBB004B6361 /* StacksGui3 */;
			targetProxy = 1442E1BF17206DBC004B6361 /* PBXContainerItemProxy */;
		};
/* End PBXTargetDependency section */

/* Begin PBXVariantGroup section */
		1442E1A117206DBB004B6361 /* InfoPlist.strings */ = {
			isa = PBXVariantGroup;
			children = (
				1442E1A217206DBB004B6361 /* en */,
			);
			name = InfoPlist.strings;
			sourceTree = "<group>";
		};
		1442E1A717206DBB004B6361 /* Credits.rtf */ = {
			isa = PBXVariantGroup;
			children = (
				1442E1A817206DBB004B6361 /* en */,
			);
			name = Credits.rtf;
			sourceTree = "<group>";
		};
		1442E1B017206DBB004B6361 /* MainMenu.xib */ = {
			isa = PBXVariantGroup;
			children = (
				1442E1B117206DBB004B6361 /* en */,
			);
			name = MainMenu.xib;
			sourceTree = "<group>";
		};
		1442E1C417206DBC004B6361 /* InfoPlist.strings */ = {
			isa = PBXVariantGroup;
			children = (
				1442E1C517206DBC004B6361 /* en */,
			);
			name = InfoPlist.strings;
			sourceTree = "<group>";
		};
		63D53D3DA1B67441F7C8386C /* StacksDocument.xib */ = {
			isa = PBXVariantGroup;
			children = (
				63D537228656D66A61C2C10E /* en */,
			);
			name = StacksDocument.xib;
			sourceTree = "<group>";
		};
/* End PBXVariantGroup section */

/* Begin XCBuildConfiguration section */
		1442E1CA17206DBC004B6361 /* Debug */ = {
			isa = XCBuildConfiguration;
			buildSettings = {
				ALWAYS_SEARCH_USER_PATHS = NO;
				CLANG_CXX_LANGUAGE_STANDARD = "gnu++0x";
				CLANG_CXX_LIBRARY = "libc++";
				CLANG_ENABLE_OBJC_ARC = YES;
				CLANG_WARN_CONSTANT_CONVERSION = YES;
				CLANG_WARN_EMPTY_BODY = YES;
				CLANG_WARN_ENUM_CONVERSION = YES;
				CLANG_WARN_INT_CONVERSION = YES;
				CLANG_WARN__DUPLICATE_METHOD_MATCH = YES;
				COPY_PHASE_STRIP = NO;
				GCC_C_LANGUAGE_STANDARD = gnu99;
				GCC_DYNAMIC_NO_PIC = NO;
				GCC_ENABLE_OBJC_EXCEPTIONS = YES;
				GCC_OPTIMIZATION_LEVEL = 0;
				GCC_PREPROCESSOR_DEFINITIONS = (
					"DEBUG=1",
					"$(inherited)",
				);
				GCC_SYMBOLS_PRIVATE_EXTERN = NO;
				GCC_WARN_64_TO_32_BIT_CONVERSION = YES;
				GCC_WARN_ABOUT_RETURN_TYPE = YES;
				GCC_WARN_UNINITIALIZED_AUTOS = YES;
				GCC_WARN_UNUSED_VARIABLE = YES;
				MACH_O_TYPE = mh_execute;
				MACOSX_DEPLOYMENT_TARGET = 10.9;
				ONLY_ACTIVE_ARCH = YES;
				SDKROOT = macosx;
			};
			name = Debug;
		};
		1442E1CB17206DBC004B6361 /* Release */ = {
			isa = XCBuildConfiguration;
			buildSettings = {
				ALWAYS_SEARCH_USER_PATHS = NO;
				CLANG_CXX_LANGUAGE_STANDARD = "gnu++0x";
				CLANG_CXX_LIBRARY = "libc++";
				CLANG_ENABLE_OBJC_ARC = YES;
				CLANG_WARN_CONSTANT_CONVERSION = YES;
				CLANG_WARN_EMPTY_BODY = YES;
				CLANG_WARN_ENUM_CONVERSION = YES;
				CLANG_WARN_INT_CONVERSION = YES;
				CLANG_WARN__DUPLICATE_METHOD_MATCH = YES;
				COPY_PHASE_STRIP = YES;
				DEBUG_INFORMATION_FORMAT = "dwarf-with-dsym";
				GCC_C_LANGUAGE_STANDARD = gnu99;
				GCC_ENABLE_OBJC_EXCEPTIONS = YES;
				GCC_WARN_64_TO_32_BIT_CONVERSION = YES;
				GCC_WARN_ABOUT_RETURN_TYPE = YES;
				GCC_WARN_UNINITIALIZED_AUTOS = YES;
				GCC_WARN_UNUSED_VARIABLE = YES;
				MACH_O_TYPE = mh_execute;
				MACOSX_DEPLOYMENT_TARGET = 10.9;
				SDKROOT = macosx;
			};
			name = Release;
		};
		1442E1CD17206DBC004B6361 /* Debug */ = {
			isa = XCBuildConfiguration;
			buildSettings = {
				COMBINE_HIDPI_IMAGES = YES;
				GCC_PRECOMPILE_PREFIX_HEADER = YES;
				GCC_PREFIX_HEADER = "StacksGui3/StacksGui3-Prefix.pch";
				INFOPLIST_FILE = "StacksGui3/StacksGui3-Info.plist";
				LIBRARY_SEARCH_PATHS = (
					"$(inherited)",
					"\"$(SRCROOT)/StacksGui3\"",
				);
				PRODUCT_NAME = "$(TARGET_NAME)";
				WRAPPER_EXTENSION = app;
			};
			name = Debug;
		};
		1442E1CE17206DBC004B6361 /* Release */ = {
			isa = XCBuildConfiguration;
			buildSettings = {
				COMBINE_HIDPI_IMAGES = YES;
				GCC_PRECOMPILE_PREFIX_HEADER = YES;
				GCC_PREFIX_HEADER = "StacksGui3/StacksGui3-Prefix.pch";
				INFOPLIST_FILE = "StacksGui3/StacksGui3-Info.plist";
				LIBRARY_SEARCH_PATHS = (
					"$(inherited)",
					"\"$(SRCROOT)/StacksGui3\"",
				);
				PRODUCT_NAME = "$(TARGET_NAME)";
				WRAPPER_EXTENSION = app;
			};
			name = Release;
		};
		1442E1D017206DBC004B6361 /* Debug */ = {
			isa = XCBuildConfiguration;
			buildSettings = {
				BUNDLE_LOADER = "$(BUILT_PRODUCTS_DIR)/StacksGui3.app/Contents/MacOS/StacksGui3";
				COMBINE_HIDPI_IMAGES = YES;
				FRAMEWORK_SEARCH_PATHS = "\"$(DEVELOPER_LIBRARY_DIR)/Frameworks\"";
				GCC_PRECOMPILE_PREFIX_HEADER = YES;
				GCC_PREFIX_HEADER = "StacksGui3/StacksGui3-Prefix.pch";
				INFOPLIST_FILE = "StacksGui3Tests/StacksGui3Tests-Info.plist";
				MACH_O_TYPE = mh_bundle;
				PRODUCT_NAME = "$(TARGET_NAME)";
				SDKROOT = macosx;
				TEST_HOST = "$(BUNDLE_LOADER)";
				WRAPPER_EXTENSION = octest;
			};
			name = Debug;
		};
		1442E1D117206DBC004B6361 /* Release */ = {
			isa = XCBuildConfiguration;
			buildSettings = {
				BUNDLE_LOADER = "$(BUILT_PRODUCTS_DIR)/StacksGui3.app/Contents/MacOS/StacksGui3";
				COMBINE_HIDPI_IMAGES = YES;
				FRAMEWORK_SEARCH_PATHS = "\"$(DEVELOPER_LIBRARY_DIR)/Frameworks\"";
				GCC_PRECOMPILE_PREFIX_HEADER = YES;
				GCC_PREFIX_HEADER = "StacksGui3/StacksGui3-Prefix.pch";
				INFOPLIST_FILE = "StacksGui3Tests/StacksGui3Tests-Info.plist";
				MACH_O_TYPE = mh_bundle;
				PRODUCT_NAME = "$(TARGET_NAME)";
				SDKROOT = macosx;
				TEST_HOST = "$(BUNDLE_LOADER)";
				WRAPPER_EXTENSION = octest;
			};
			name = Release;
		};
/* End XCBuildConfiguration section */

/* Begin XCConfigurationList section */
		1442E19017206DBB004B6361 /* Build configuration list for PBXProject "StacksGui3" */ = {
			isa = XCConfigurationList;
			buildConfigurations = (
				1442E1CA17206DBC004B6361 /* Debug */,
				1442E1CB17206DBC004B6361 /* Release */,
			);
			defaultConfigurationIsVisible = 0;
			defaultConfigurationName = Release;
		};
		1442E1CC17206DBC004B6361 /* Build configuration list for PBXNativeTarget "StacksGui3" */ = {
			isa = XCConfigurationList;
			buildConfigurations = (
				1442E1CD17206DBC004B6361 /* Debug */,
				1442E1CE17206DBC004B6361 /* Release */,
			);
			defaultConfigurationIsVisible = 0;
			defaultConfigurationName = Release;
		};
		1442E1CF17206DBC004B6361 /* Build configuration list for PBXNativeTarget "StacksGui3Tests" */ = {
			isa = XCConfigurationList;
			buildConfigurations = (
				1442E1D017206DBC004B6361 /* Debug */,
				1442E1D117206DBC004B6361 /* Release */,
			);
			defaultConfigurationIsVisible = 0;
			defaultConfigurationName = Release;
		};
/* End XCConfigurationList section */

/* Begin XCVersionGroup section */
		1442E1B317206DBB004B6361 /* StacksDocument.xcdatamodeld */ = {
			isa = XCVersionGroup;
			children = (
				1442E1B417206DBB004B6361 /* StacksDocument.xcdatamodel */,
			);
			currentVersion = 1442E1B417206DBB004B6361 /* StacksDocument.xcdatamodel */;
			path = StacksDocument.xcdatamodeld;
			sourceTree = "<group>";
			versionGroupType = wrapper.xcdatamodel;
		};
/* End XCVersionGroup section */
	};
	rootObject = 1442E18D17206DBB004B6361 /* Project object */;
}
