// !$*UTF8*$!
{
	archiveVersion = 1;
	classes = {
	};
	objectVersion = 46;
	objects = {

/* Begin PBXBuildFile section */
		1442E19917206DBB004B6361 /* Cocoa.framework in Frameworks */ = {isa = PBXBuildFile; fileRef = 1442E19817206DBB004B6361 /* Cocoa.framework */; };
		1442E1A317206DBB004B6361 /* InfoPlist.strings in Resources */ = {isa = PBXBuildFile; fileRef = 1442E1A117206DBB004B6361 /* InfoPlist.strings */; };
		1442E1A517206DBB004B6361 /* main.m in Sources */ = {isa = PBXBuildFile; fileRef = 1442E1A417206DBB004B6361 /* main.m */; };
		1442E1A917206DBB004B6361 /* Credits.rtf in Resources */ = {isa = PBXBuildFile; fileRef = 1442E1A717206DBB004B6361 /* Credits.rtf */; };
		1442E1AC17206DBB004B6361 /* StacksDocument.m in Sources */ = {isa = PBXBuildFile; fileRef = 1442E1AB17206DBB004B6361 /* StacksDocument.m */; };
		1442E1AF17206DBB004B6361 /* StacksDocument.xib in Resources */ = {isa = PBXBuildFile; fileRef = 1442E1AD17206DBB004B6361 /* StacksDocument.xib */; };
		1442E1B217206DBB004B6361 /* MainMenu.xib in Resources */ = {isa = PBXBuildFile; fileRef = 1442E1B017206DBB004B6361 /* MainMenu.xib */; };
		1442E1B517206DBB004B6361 /* StacksDocument.xcdatamodeld in Sources */ = {isa = PBXBuildFile; fileRef = 1442E1B317206DBB004B6361 /* StacksDocument.xcdatamodeld */; };
		1442E1BD17206DBC004B6361 /* SenTestingKit.framework in Frameworks */ = {isa = PBXBuildFile; fileRef = 1442E1BC17206DBC004B6361 /* SenTestingKit.framework */; };
		1442E1BE17206DBC004B6361 /* Cocoa.framework in Frameworks */ = {isa = PBXBuildFile; fileRef = 1442E19817206DBB004B6361 /* Cocoa.framework */; };
		1442E1C617206DBC004B6361 /* InfoPlist.strings in Resources */ = {isa = PBXBuildFile; fileRef = 1442E1C417206DBC004B6361 /* InfoPlist.strings */; };
		1442E1C917206DBC004B6361 /* StacksGui3Tests.m in Sources */ = {isa = PBXBuildFile; fileRef = 1442E1C817206DBC004B6361 /* StacksGui3Tests.m */; };
		63D5373EE2F31FA8CF4F5F1A /* LocusCell.m in Sources */ = {isa = PBXBuildFile; fileRef = 63D53152900941A896B8CCE9 /* LocusCell.m */; };
		63D5395D31DB5C05781AC0D0 /* LocusView.m in Sources */ = {isa = PBXBuildFile; fileRef = 63D5391E65841C27ACCD2BB4 /* LocusView.m */; };
		63D53A5DE62FE909BC63F677 /* GenotypeEntry.m in Sources */ = {isa = PBXBuildFile; fileRef = 63D534C6D7C874A78179DE78 /* GenotypeEntry.m */; };
		63D53C060817587061CAC23E /* StackEntry.m in Sources */ = {isa = PBXBuildFile; fileRef = 63D53E7F581563F0A435D268 /* StackEntry.m */; };
		63D53C66C975A160E74A5CA3 /* StacksView.m in Sources */ = {isa = PBXBuildFile; fileRef = 63D53EFA95D4B7DF21498B77 /* StacksView.m */; };
		63D53CFA3A01C35492B74405 /* PopulationCell.m in Sources */ = {isa = PBXBuildFile; fileRef = 63D53BD5D4E7AA4FBFDB755F /* PopulationCell.m */; };
		63D53D7AA2ECE7DFF96DC4AC /* SnpView.m in Sources */ = {isa = PBXBuildFile; fileRef = 63D5300CEE50E2EFF99D9FA9 /* SnpView.m */; };
		63D53EF5CFDF79EB0A480272 /* StacksLoader.mm in Sources */ = {isa = PBXBuildFile; fileRef = 63D5354D231FD3DA6392F24B /* StacksLoader.mm */; };
		6B46749D173183AB00E42419 /* DNANSeq.cc in Sources */ = {isa = PBXBuildFile; fileRef = 6B467486173183AB00E42419 /* DNANSeq.cc */; };
		6B46749E173183AB00E42419 /* DNASeq.cc in Sources */ = {isa = PBXBuildFile; fileRef = 6B467488173183AB00E42419 /* DNASeq.cc */; };
		6B46749F173183AB00E42419 /* locus.cc in Sources */ = {isa = PBXBuildFile; fileRef = 6B46748F173183AB00E42419 /* locus.cc */; };
		6B4674A0173183AB00E42419 /* mst.cc in Sources */ = {isa = PBXBuildFile; fileRef = 6B467491173183AB00E42419 /* mst.cc */; };
		6B4674A1173183AB00E42419 /* stacks.cc in Sources */ = {isa = PBXBuildFile; fileRef = 6B467498173183AB00E42419 /* stacks.cc */; };
		6B4674A2173183AB00E42419 /* utils.cc in Sources */ = {isa = PBXBuildFile; fileRef = 6B46749B173183AB00E42419 /* utils.cc */; };
		6B4674A4173183C300E42419 /* libz.1.2.7.dylib in Frameworks */ = {isa = PBXBuildFile; fileRef = 6B4674A3173183C300E42419 /* libz.1.2.7.dylib */; };
		6B4674AA1731872600E42419 /* input.cc in Sources */ = {isa = PBXBuildFile; fileRef = 6B4674A81731872600E42419 /* input.cc */; };
		6B4674AD1731888200E42419 /* Locus.m in Sources */ = {isa = PBXBuildFile; fileRef = 6B4674AC1731888200E42419 /* Locus.m */; };
		6B4674B017318A4200E42419 /* Genotype.m in Sources */ = {isa = PBXBuildFile; fileRef = 6B4674AF17318A4200E42419 /* Genotype.m */; };
		6B4674B317318A6900E42419 /* Stack.m in Sources */ = {isa = PBXBuildFile; fileRef = 6B4674B217318A6900E42419 /* Stack.m */; };
		6B4674B81731947B00E42419 /* Snp.m in Sources */ = {isa = PBXBuildFile; fileRef = 6B4674B71731947B00E42419 /* Snp.m */; };
/* End PBXBuildFile section */

/* Begin PBXContainerItemProxy section */
		1442E1BF17206DBC004B6361 /* PBXContainerItemProxy */ = {
			isa = PBXContainerItemProxy;
			containerPortal = 1442E18D17206DBB004B6361 /* Project object */;
			proxyType = 1;
			remoteGlobalIDString = 1442E19417206DBB004B6361;
			remoteInfo = StacksGui3;
		};
/* End PBXContainerItemProxy section */

/* Begin PBXFileReference section */
		1442E19517206DBB004B6361 /* StacksGui3.app */ = {isa = PBXFileReference; explicitFileType = wrapper.application; includeInIndex = 0; path = StacksGui3.app; sourceTree = BUILT_PRODUCTS_DIR; };
		1442E19817206DBB004B6361 /* Cocoa.framework */ = {isa = PBXFileReference; lastKnownFileType = wrapper.framework; name = Cocoa.framework; path = System/Library/Frameworks/Cocoa.framework; sourceTree = SDKROOT; };
		1442E19B17206DBB004B6361 /* AppKit.framework */ = {isa = PBXFileReference; lastKnownFileType = wrapper.framework; name = AppKit.framework; path = System/Library/Frameworks/AppKit.framework; sourceTree = SDKROOT; };
		1442E19C17206DBB004B6361 /* CoreData.framework */ = {isa = PBXFileReference; lastKnownFileType = wrapper.framework; name = CoreData.framework; path = System/Library/Frameworks/CoreData.framework; sourceTree = SDKROOT; };
		1442E19D17206DBB004B6361 /* Foundation.framework */ = {isa = PBXFileReference; lastKnownFileType = wrapper.framework; name = Foundation.framework; path = System/Library/Frameworks/Foundation.framework; sourceTree = SDKROOT; };
		1442E1A017206DBB004B6361 /* StacksGui3-Info.plist */ = {isa = PBXFileReference; lastKnownFileType = text.plist.xml; path = "StacksGui3-Info.plist"; sourceTree = "<group>"; };
		1442E1A217206DBB004B6361 /* en */ = {isa = PBXFileReference; lastKnownFileType = text.plist.strings; name = en; path = en.lproj/InfoPlist.strings; sourceTree = "<group>"; };
		1442E1A417206DBB004B6361 /* main.m */ = {isa = PBXFileReference; lastKnownFileType = sourcecode.c.objc; path = main.m; sourceTree = "<group>"; };
		1442E1A617206DBB004B6361 /* StacksGui3-Prefix.pch */ = {isa = PBXFileReference; lastKnownFileType = sourcecode.c.h; path = "StacksGui3-Prefix.pch"; sourceTree = "<group>"; };
		1442E1A817206DBB004B6361 /* en */ = {isa = PBXFileReference; lastKnownFileType = text.rtf; name = en; path = en.lproj/Credits.rtf; sourceTree = "<group>"; };
		1442E1AA17206DBB004B6361 /* StacksDocument.h */ = {isa = PBXFileReference; lastKnownFileType = sourcecode.c.h; path = StacksDocument.h; sourceTree = "<group>"; };
		1442E1AB17206DBB004B6361 /* StacksDocument.m */ = {isa = PBXFileReference; lastKnownFileType = sourcecode.c.objc; path = StacksDocument.m; sourceTree = "<group>"; };
		1442E1AE17206DBB004B6361 /* en */ = {isa = PBXFileReference; lastKnownFileType = file.xib; name = en; path = en.lproj/StacksDocument.xib; sourceTree = "<group>"; };
		1442E1B117206DBB004B6361 /* en */ = {isa = PBXFileReference; lastKnownFileType = file.xib; name = en; path = en.lproj/MainMenu.xib; sourceTree = "<group>"; };
		1442E1B417206DBB004B6361 /* StacksDocument.xcdatamodel */ = {isa = PBXFileReference; lastKnownFileType = wrapper.xcdatamodel; path = StacksDocument.xcdatamodel; sourceTree = "<group>"; };
		1442E1BB17206DBC004B6361 /* StacksGui3Tests.octest */ = {isa = PBXFileReference; explicitFileType = wrapper.cfbundle; includeInIndex = 0; path = StacksGui3Tests.octest; sourceTree = BUILT_PRODUCTS_DIR; };
		1442E1BC17206DBC004B6361 /* SenTestingKit.framework */ = {isa = PBXFileReference; lastKnownFileType = wrapper.framework; name = SenTestingKit.framework; path = Library/Frameworks/SenTestingKit.framework; sourceTree = DEVELOPER_DIR; };
		1442E1C317206DBC004B6361 /* StacksGui3Tests-Info.plist */ = {isa = PBXFileReference; lastKnownFileType = text.plist.xml; path = "StacksGui3Tests-Info.plist"; sourceTree = "<group>"; };
		1442E1C517206DBC004B6361 /* en */ = {isa = PBXFileReference; lastKnownFileType = text.plist.strings; name = en; path = en.lproj/InfoPlist.strings; sourceTree = "<group>"; };
		1442E1C717206DBC004B6361 /* StacksGui3Tests.h */ = {isa = PBXFileReference; lastKnownFileType = sourcecode.c.h; path = StacksGui3Tests.h; sourceTree = "<group>"; };
		1442E1C817206DBC004B6361 /* StacksGui3Tests.m */ = {isa = PBXFileReference; lastKnownFileType = sourcecode.c.objc; path = StacksGui3Tests.m; sourceTree = "<group>"; };
		63D5300CEE50E2EFF99D9FA9 /* SnpView.m */ = {isa = PBXFileReference; fileEncoding = 4; lastKnownFileType = sourcecode.c.objc; path = SnpView.m; sourceTree = "<group>"; };
		63D53089800900FDBF405C44 /* StackEntry.h */ = {isa = PBXFileReference; fileEncoding = 4; lastKnownFileType = sourcecode.c.h; path = StackEntry.h; sourceTree = "<group>"; };
		63D53152900941A896B8CCE9 /* LocusCell.m */ = {isa = PBXFileReference; fileEncoding = 4; lastKnownFileType = sourcecode.c.objc; path = LocusCell.m; sourceTree = "<group>"; };
		63D531804419CD422905AD3F /* StacksView.h */ = {isa = PBXFileReference; fileEncoding = 4; lastKnownFileType = sourcecode.c.h; path = StacksView.h; sourceTree = "<group>"; };
		63D534C6D7C874A78179DE78 /* GenotypeEntry.m */ = {isa = PBXFileReference; fileEncoding = 4; lastKnownFileType = sourcecode.c.objc; path = GenotypeEntry.m; sourceTree = "<group>"; };
		63D5354D231FD3DA6392F24B /* StacksLoader.mm */ = {isa = PBXFileReference; fileEncoding = 4; lastKnownFileType = sourcecode.cpp.objcpp; path = StacksLoader.mm; sourceTree = "<group>"; };
		63D536784C756323263BE1CE /* LocusCell.h */ = {isa = PBXFileReference; fileEncoding = 4; lastKnownFileType = sourcecode.c.h; path = LocusCell.h; sourceTree = "<group>"; };
		63D536B7D774709CB10C35A9 /* GenotypeEntry.h */ = {isa = PBXFileReference; fileEncoding = 4; lastKnownFileType = sourcecode.c.h; path = GenotypeEntry.h; sourceTree = "<group>"; };
		63D5378099A61B2CFB032560 /* PopulationCell.h */ = {isa = PBXFileReference; fileEncoding = 4; lastKnownFileType = sourcecode.c.h; path = PopulationCell.h; sourceTree = "<group>"; };
		63D537BDB11ABFB191353902 /* LocusView.h */ = {isa = PBXFileReference; fileEncoding = 4; lastKnownFileType = sourcecode.c.h; path = LocusView.h; sourceTree = "<group>"; };
		63D5391E65841C27ACCD2BB4 /* LocusView.m */ = {isa = PBXFileReference; fileEncoding = 4; lastKnownFileType = sourcecode.c.objc; path = LocusView.m; sourceTree = "<group>"; };
		63D53BC07703520A3C575285 /* StacksLoader.h */ = {isa = PBXFileReference; fileEncoding = 4; lastKnownFileType = sourcecode.c.h; path = StacksLoader.h; sourceTree = "<group>"; };
		63D53BD5D4E7AA4FBFDB755F /* PopulationCell.m */ = {isa = PBXFileReference; fileEncoding = 4; lastKnownFileType = sourcecode.c.objc; path = PopulationCell.m; sourceTree = "<group>"; };
		63D53E7F581563F0A435D268 /* StackEntry.m */ = {isa = PBXFileReference; fileEncoding = 4; lastKnownFileType = sourcecode.c.objc; path = StackEntry.m; sourceTree = "<group>"; };
		63D53EFA95D4B7DF21498B77 /* StacksView.m */ = {isa = PBXFileReference; fileEncoding = 4; lastKnownFileType = sourcecode.c.objc; path = StacksView.m; sourceTree = "<group>"; };
		63D53F98F88E905D5B4D6620 /* SnpView.h */ = {isa = PBXFileReference; fileEncoding = 4; lastKnownFileType = sourcecode.c.h; path = SnpView.h; sourceTree = "<group>"; };
		6B467482173183AB00E42419 /* Bam.h */ = {isa = PBXFileReference; fileEncoding = 4; lastKnownFileType = sourcecode.c.h; name = Bam.h; path = ../../../src/Bam.h; sourceTree = "<group>"; };
		6B467483173183AB00E42419 /* Bowtie.h */ = {isa = PBXFileReference; fileEncoding = 4; lastKnownFileType = sourcecode.c.h; name = Bowtie.h; path = ../../../src/Bowtie.h; sourceTree = "<group>"; };
		6B467484173183AB00E42419 /* Bustard.h */ = {isa = PBXFileReference; fileEncoding = 4; lastKnownFileType = sourcecode.c.h; name = Bustard.h; path = ../../../src/Bustard.h; sourceTree = "<group>"; };
		6B467485173183AB00E42419 /* constants.h */ = {isa = PBXFileReference; fileEncoding = 4; lastKnownFileType = sourcecode.c.h; name = constants.h; path = ../../../src/constants.h; sourceTree = "<group>"; };
		6B467486173183AB00E42419 /* DNANSeq.cc */ = {isa = PBXFileReference; fileEncoding = 4; lastKnownFileType = sourcecode.cpp.cpp; name = DNANSeq.cc; path = ../../../src/DNANSeq.cc; sourceTree = "<group>"; };
		6B467487173183AB00E42419 /* DNANSeq.h */ = {isa = PBXFileReference; fileEncoding = 4; lastKnownFileType = sourcecode.c.h; name = DNANSeq.h; path = ../../../src/DNANSeq.h; sourceTree = "<group>"; };
		6B467488173183AB00E42419 /* DNASeq.cc */ = {isa = PBXFileReference; fileEncoding = 4; lastKnownFileType = sourcecode.cpp.cpp; name = DNASeq.cc; path = ../../../src/DNASeq.cc; sourceTree = "<group>"; };
		6B467489173183AB00E42419 /* DNASeq.h */ = {isa = PBXFileReference; fileEncoding = 4; lastKnownFileType = sourcecode.c.h; name = DNASeq.h; path = ../../../src/DNASeq.h; sourceTree = "<group>"; };
		6B46748A173183AB00E42419 /* Fasta.h */ = {isa = PBXFileReference; fileEncoding = 4; lastKnownFileType = sourcecode.c.h; name = Fasta.h; path = ../../../src/Fasta.h; sourceTree = "<group>"; };
		6B46748B173183AB00E42419 /* Fastq.h */ = {isa = PBXFileReference; fileEncoding = 4; lastKnownFileType = sourcecode.c.h; name = Fastq.h; path = ../../../src/Fastq.h; sourceTree = "<group>"; };
		6B46748C173183AB00E42419 /* genotype_dictionaries.h */ = {isa = PBXFileReference; fileEncoding = 4; lastKnownFileType = sourcecode.c.h; name = genotype_dictionaries.h; path = ../../../src/genotype_dictionaries.h; sourceTree = "<group>"; };
		6B46748D173183AB00E42419 /* gzFasta.h */ = {isa = PBXFileReference; fileEncoding = 4; lastKnownFileType = sourcecode.c.h; name = gzFasta.h; path = ../../../src/gzFasta.h; sourceTree = "<group>"; };
		6B46748E173183AB00E42419 /* gzFastq.h */ = {isa = PBXFileReference; fileEncoding = 4; lastKnownFileType = sourcecode.c.h; name = gzFastq.h; path = ../../../src/gzFastq.h; sourceTree = "<group>"; };
		6B46748F173183AB00E42419 /* locus.cc */ = {isa = PBXFileReference; fileEncoding = 4; lastKnownFileType = sourcecode.cpp.cpp; name = locus.cc; path = ../../../src/locus.cc; sourceTree = "<group>"; };
		6B467490173183AB00E42419 /* locus.h */ = {isa = PBXFileReference; fileEncoding = 4; lastKnownFileType = sourcecode.c.h; name = locus.h; path = ../../../src/locus.h; sourceTree = "<group>"; };
		6B467491173183AB00E42419 /* mst.cc */ = {isa = PBXFileReference; fileEncoding = 4; lastKnownFileType = sourcecode.cpp.cpp; name = mst.cc; path = ../../../src/mst.cc; sourceTree = "<group>"; };
		6B467492173183AB00E42419 /* mst.h */ = {isa = PBXFileReference; fileEncoding = 4; lastKnownFileType = sourcecode.c.h; name = mst.h; path = ../../../src/mst.h; sourceTree = "<group>"; };
		6B467493173183AB00E42419 /* PopMap.h */ = {isa = PBXFileReference; fileEncoding = 4; lastKnownFileType = sourcecode.c.h; name = PopMap.h; path = ../../../src/PopMap.h; sourceTree = "<group>"; };
		6B467494173183AB00E42419 /* PopSum.h */ = {isa = PBXFileReference; fileEncoding = 4; lastKnownFileType = sourcecode.c.h; name = PopSum.h; path = ../../../src/PopSum.h; sourceTree = "<group>"; };
		6B467495173183AB00E42419 /* renz.h */ = {isa = PBXFileReference; fileEncoding = 4; lastKnownFileType = sourcecode.c.h; name = renz.h; path = ../../../src/renz.h; sourceTree = "<group>"; };
		6B467496173183AB00E42419 /* Sam.h */ = {isa = PBXFileReference; fileEncoding = 4; lastKnownFileType = sourcecode.c.h; name = Sam.h; path = ../../../src/Sam.h; sourceTree = "<group>"; };
		6B467497173183AB00E42419 /* sql_utilities.h */ = {isa = PBXFileReference; fileEncoding = 4; lastKnownFileType = sourcecode.c.h; name = sql_utilities.h; path = ../../../src/sql_utilities.h; sourceTree = "<group>"; };
		6B467498173183AB00E42419 /* stacks.cc */ = {isa = PBXFileReference; fileEncoding = 4; lastKnownFileType = sourcecode.cpp.cpp; name = stacks.cc; path = ../../../src/stacks.cc; sourceTree = "<group>"; };
		6B467499173183AB00E42419 /* stacks.h */ = {isa = PBXFileReference; fileEncoding = 4; lastKnownFileType = sourcecode.c.h; name = stacks.h; path = ../../../src/stacks.h; sourceTree = "<group>"; };
		6B46749A173183AB00E42419 /* Tsv.h */ = {isa = PBXFileReference; fileEncoding = 4; lastKnownFileType = sourcecode.c.h; name = Tsv.h; path = ../../../src/Tsv.h; sourceTree = "<group>"; };
		6B46749B173183AB00E42419 /* utils.cc */ = {isa = PBXFileReference; fileEncoding = 4; lastKnownFileType = sourcecode.cpp.cpp; name = utils.cc; path = ../../../src/utils.cc; sourceTree = "<group>"; };
		6B46749C173183AB00E42419 /* utils.h */ = {isa = PBXFileReference; fileEncoding = 4; lastKnownFileType = sourcecode.c.h; name = utils.h; path = ../../../src/utils.h; sourceTree = "<group>"; };
		6B4674A3173183C300E42419 /* libz.1.2.7.dylib */ = {isa = PBXFileReference; lastKnownFileType = "compiled.mach-o.dylib"; path = libz.1.2.7.dylib; sourceTree = "<group>"; };
		6B4674A81731872600E42419 /* input.cc */ = {isa = PBXFileReference; fileEncoding = 4; lastKnownFileType = sourcecode.cpp.cpp; name = input.cc; path = ../../../src/input.cc; sourceTree = "<group>"; };
		6B4674A91731872600E42419 /* input.h */ = {isa = PBXFileReference; fileEncoding = 4; lastKnownFileType = sourcecode.c.h; name = input.h; path = ../../../src/input.h; sourceTree = "<group>"; };
		6B4674AB1731888200E42419 /* Locus.h */ = {isa = PBXFileReference; fileEncoding = 4; lastKnownFileType = sourcecode.c.h; path = Locus.h; sourceTree = "<group>"; };
		6B4674AC1731888200E42419 /* Locus.m */ = {isa = PBXFileReference; fileEncoding = 4; lastKnownFileType = sourcecode.c.objc; path = Locus.m; sourceTree = "<group>"; };
		6B4674AE17318A4200E42419 /* Genotype.h */ = {isa = PBXFileReference; fileEncoding = 4; lastKnownFileType = sourcecode.c.h; path = Genotype.h; sourceTree = "<group>"; };
		6B4674AF17318A4200E42419 /* Genotype.m */ = {isa = PBXFileReference; fileEncoding = 4; lastKnownFileType = sourcecode.c.objc; path = Genotype.m; sourceTree = "<group>"; };
		6B4674B117318A6900E42419 /* Stack.h */ = {isa = PBXFileReference; fileEncoding = 4; lastKnownFileType = sourcecode.c.h; path = Stack.h; sourceTree = "<group>"; };
		6B4674B217318A6900E42419 /* Stack.m */ = {isa = PBXFileReference; fileEncoding = 4; lastKnownFileType = sourcecode.c.objc; path = Stack.m; sourceTree = "<group>"; };
		6B4674B61731947A00E42419 /* Snp.h */ = {isa = PBXFileReference; fileEncoding = 4; lastKnownFileType = sourcecode.c.h; path = Snp.h; sourceTree = "<group>"; };
		6B4674B71731947B00E42419 /* Snp.m */ = {isa = PBXFileReference; fileEncoding = 4; lastKnownFileType = sourcecode.c.objc; path = Snp.m; sourceTree = "<group>"; };
/* End PBXFileReference section */

/* Begin PBXFrameworksBuildPhase section */
		1442E19217206DBB004B6361 /* Frameworks */ = {
			isa = PBXFrameworksBuildPhase;
			buildActionMask = 2147483647;
			files = (
				1442E19917206DBB004B6361 /* Cocoa.framework in Frameworks */,
				6B4674A4173183C300E42419 /* libz.1.2.7.dylib in Frameworks */,
			);
			runOnlyForDeploymentPostprocessing = 0;
		};
		1442E1B717206DBC004B6361 /* Frameworks */ = {
			isa = PBXFrameworksBuildPhase;
			buildActionMask = 2147483647;
			files = (
				1442E1BD17206DBC004B6361 /* SenTestingKit.framework in Frameworks */,
				1442E1BE17206DBC004B6361 /* Cocoa.framework in Frameworks */,
			);
			runOnlyForDeploymentPostprocessing = 0;
		};
/* End PBXFrameworksBuildPhase section */

/* Begin PBXGroup section */
		1442E18C17206DBB004B6361 = {
			isa = PBXGroup;
			children = (
				1442E19E17206DBB004B6361 /* StacksGui3 */,
				1442E1C117206DBC004B6361 /* StacksGui3Tests */,
				1442E19717206DBB004B6361 /* Frameworks */,
				1442E19617206DBB004B6361 /* Products */,
			);
			sourceTree = "<group>";
		};
		1442E19617206DBB004B6361 /* Products */ = {
			isa = PBXGroup;
			children = (
				1442E19517206DBB004B6361 /* StacksGui3.app */,
				1442E1BB17206DBC004B6361 /* StacksGui3Tests.octest */,
			);
			name = Products;
			sourceTree = "<group>";
		};
		1442E19717206DBB004B6361 /* Frameworks */ = {
			isa = PBXGroup;
			children = (
				1442E19817206DBB004B6361 /* Cocoa.framework */,
				1442E1BC17206DBC004B6361 /* SenTestingKit.framework */,
				1442E19A17206DBB004B6361 /* Other Frameworks */,
			);
			name = Frameworks;
			sourceTree = "<group>";
		};
		1442E19A17206DBB004B6361 /* Other Frameworks */ = {
			isa = PBXGroup;
			children = (
				1442E19B17206DBB004B6361 /* AppKit.framework */,
				1442E19C17206DBB004B6361 /* CoreData.framework */,
				1442E19D17206DBB004B6361 /* Foundation.framework */,
			);
			name = "Other Frameworks";
			sourceTree = "<group>";
		};
		1442E19E17206DBB004B6361 /* StacksGui3 */ = {
			isa = PBXGroup;
			children = (
				6B4674A71731845600E42419 /* Service */,
				6B4674A6173183FE00E42419 /* Model */,
				6B4674A5173183F700E42419 /* GUI */,
				6B4674811731835500E42419 /* stacks */,
				1442E19F17206DBB004B6361 /* Supporting Files */,
			);
			path = StacksGui3;
			sourceTree = "<group>";
		};
		1442E19F17206DBB004B6361 /* Supporting Files */ = {
			isa = PBXGroup;
			children = (
				1442E1A017206DBB004B6361 /* StacksGui3-Info.plist */,
				1442E1A117206DBB004B6361 /* InfoPlist.strings */,
				1442E1A417206DBB004B6361 /* main.m */,
				1442E1A617206DBB004B6361 /* StacksGui3-Prefix.pch */,
				1442E1A717206DBB004B6361 /* Credits.rtf */,
			);
			name = "Supporting Files";
			sourceTree = "<group>";
		};
		1442E1C117206DBC004B6361 /* StacksGui3Tests */ = {
			isa = PBXGroup;
			children = (
				1442E1C717206DBC004B6361 /* StacksGui3Tests.h */,
				1442E1C817206DBC004B6361 /* StacksGui3Tests.m */,
				1442E1C217206DBC004B6361 /* Supporting Files */,
			);
			path = StacksGui3Tests;
			sourceTree = "<group>";
		};
		1442E1C217206DBC004B6361 /* Supporting Files */ = {
			isa = PBXGroup;
			children = (
				1442E1C317206DBC004B6361 /* StacksGui3Tests-Info.plist */,
				1442E1C417206DBC004B6361 /* InfoPlist.strings */,
			);
			name = "Supporting Files";
			sourceTree = "<group>";
		};
		6B4674811731835500E42419 /* stacks */ = {
			isa = PBXGroup;
			children = (
				6B4674A81731872600E42419 /* input.cc */,
				6B4674A91731872600E42419 /* input.h */,
				6B4674A3173183C300E42419 /* libz.1.2.7.dylib */,
				6B467482173183AB00E42419 /* Bam.h */,
				6B467483173183AB00E42419 /* Bowtie.h */,
				6B467484173183AB00E42419 /* Bustard.h */,
				6B467485173183AB00E42419 /* constants.h */,
				6B467486173183AB00E42419 /* DNANSeq.cc */,
				6B467487173183AB00E42419 /* DNANSeq.h */,
				6B467488173183AB00E42419 /* DNASeq.cc */,
				6B467489173183AB00E42419 /* DNASeq.h */,
				6B46748A173183AB00E42419 /* Fasta.h */,
				6B46748B173183AB00E42419 /* Fastq.h */,
				6B46748C173183AB00E42419 /* genotype_dictionaries.h */,
				6B46748D173183AB00E42419 /* gzFasta.h */,
				6B46748E173183AB00E42419 /* gzFastq.h */,
				6B46748F173183AB00E42419 /* locus.cc */,
				6B467490173183AB00E42419 /* locus.h */,
				6B467491173183AB00E42419 /* mst.cc */,
				6B467492173183AB00E42419 /* mst.h */,
				6B467493173183AB00E42419 /* PopMap.h */,
				6B467494173183AB00E42419 /* PopSum.h */,
				6B467495173183AB00E42419 /* renz.h */,
				6B467496173183AB00E42419 /* Sam.h */,
				6B467497173183AB00E42419 /* sql_utilities.h */,
				6B467498173183AB00E42419 /* stacks.cc */,
				6B467499173183AB00E42419 /* stacks.h */,
				6B46749A173183AB00E42419 /* Tsv.h */,
				6B46749B173183AB00E42419 /* utils.cc */,
				6B46749C173183AB00E42419 /* utils.h */,
			);
			name = stacks;
			sourceTree = "<group>";
		};
		6B4674A5173183F700E42419 /* GUI */ = {
			isa = PBXGroup;
			children = (
				1442E1AD17206DBB004B6361 /* StacksDocument.xib */,
				1442E1B017206DBB004B6361 /* MainMenu.xib */,
				63D53EFA95D4B7DF21498B77 /* StacksView.m */,
				63D531804419CD422905AD3F /* StacksView.h */,
				63D53E7F581563F0A435D268 /* StackEntry.m */,
				63D53089800900FDBF405C44 /* StackEntry.h */,
				63D5300CEE50E2EFF99D9FA9 /* SnpView.m */,
				63D53F98F88E905D5B4D6620 /* SnpView.h */,
				63D53152900941A896B8CCE9 /* LocusCell.m */,
				63D536784C756323263BE1CE /* LocusCell.h */,
				63D5378099A61B2CFB032560 /* PopulationCell.h */,
				63D53BD5D4E7AA4FBFDB755F /* PopulationCell.m */,
			);
			name = GUI;
			sourceTree = "<group>";
		};
		6B4674A6173183FE00E42419 /* Model */ = {
			isa = PBXGroup;
			children = (
				6B4674AC1731888200E42419 /* Locus.m */,
				6B4674AB1731888200E42419 /* Locus.h */,
				63D5391E65841C27ACCD2BB4 /* LocusView.m */,
				63D537BDB11ABFB191353902 /* LocusView.h */,
				1442E1AA17206DBB004B6361 /* StacksDocument.h */,
				1442E1AB17206DBB004B6361 /* StacksDocument.m */,
				1442E1B317206DBB004B6361 /* StacksDocument.xcdatamodeld */,
				6B4674B61731947A00E42419 /* Snp.h */,
				6B4674B71731947B00E42419 /* Snp.m */,
				6B4674B117318A6900E42419 /* Stack.h */,
				6B4674B217318A6900E42419 /* Stack.m */,
				6B4674AE17318A4200E42419 /* Genotype.h */,
				6B4674AF17318A4200E42419 /* Genotype.m */,
				63D536B7D774709CB10C35A9 /* GenotypeEntry.h */,
				63D534C6D7C874A78179DE78 /* GenotypeEntry.m */,
			);
			name = Model;
			sourceTree = "<group>";
		};
		6B4674A71731845600E42419 /* Service */ = {
			isa = PBXGroup;
			children = (
				63D5354D231FD3DA6392F24B /* StacksLoader.mm */,
				63D53BC07703520A3C575285 /* StacksLoader.h */,
			);
			name = Service;
			sourceTree = "<group>";
		};
/* End PBXGroup section */

/* Begin PBXNativeTarget section */
		1442E19417206DBB004B6361 /* StacksGui3 */ = {
			isa = PBXNativeTarget;
			buildConfigurationList = 1442E1CC17206DBC004B6361 /* Build configuration list for PBXNativeTarget "StacksGui3" */;
			buildPhases = (
				1442E19117206DBB004B6361 /* Sources */,
				1442E19217206DBB004B6361 /* Frameworks */,
				1442E19317206DBB004B6361 /* Resources */,
			);
			buildRules = (
			);
			dependencies = (
			);
			name = StacksGui3;
			productName = StacksGui3;
			productReference = 1442E19517206DBB004B6361 /* StacksGui3.app */;
			productType = "com.apple.product-type.application";
		};
		1442E1BA17206DBC004B6361 /* StacksGui3Tests */ = {
			isa = PBXNativeTarget;
			buildConfigurationList = 1442E1CF17206DBC004B6361 /* Build configuration list for PBXNativeTarget "StacksGui3Tests" */;
			buildPhases = (
				1442E1B617206DBC004B6361 /* Sources */,
				1442E1B717206DBC004B6361 /* Frameworks */,
				1442E1B817206DBC004B6361 /* Resources */,
				1442E1B917206DBC004B6361 /* ShellScript */,
			);
			buildRules = (
			);
			dependencies = (
				1442E1C017206DBC004B6361 /* PBXTargetDependency */,
			);
			name = StacksGui3Tests;
			productName = StacksGui3Tests;
			productReference = 1442E1BB17206DBC004B6361 /* StacksGui3Tests.octest */;
			productType = "com.apple.product-type.bundle";
		};
/* End PBXNativeTarget section */

/* Begin PBXProject section */
		1442E18D17206DBB004B6361 /* Project object */ = {
			isa = PBXProject;
			attributes = {
				CLASSPREFIX = Stacks;
				LastUpgradeCheck = 0460;
				ORGANIZATIONNAME = "Nathan Dunn";
			};
			buildConfigurationList = 1442E19017206DBB004B6361 /* Build configuration list for PBXProject "StacksGui3" */;
			compatibilityVersion = "Xcode 3.2";
			developmentRegion = English;
			hasScannedForEncodings = 0;
			knownRegions = (
				en,
			);
			mainGroup = 1442E18C17206DBB004B6361;
			productRefGroup = 1442E19617206DBB004B6361 /* Products */;
			projectDirPath = "";
			projectRoot = "";
			targets = (
				1442E19417206DBB004B6361 /* StacksGui3 */,
				1442E1BA17206DBC004B6361 /* StacksGui3Tests */,
			);
		};
/* End PBXProject section */

/* Begin PBXResourcesBuildPhase section */
		1442E19317206DBB004B6361 /* Resources */ = {
			isa = PBXResourcesBuildPhase;
			buildActionMask = 2147483647;
			files = (
				1442E1A317206DBB004B6361 /* InfoPlist.strings in Resources */,
				1442E1A917206DBB004B6361 /* Credits.rtf in Resources */,
				1442E1AF17206DBB004B6361 /* StacksDocument.xib in Resources */,
				1442E1B217206DBB004B6361 /* MainMenu.xib in Resources */,
			);
			runOnlyForDeploymentPostprocessing = 0;
		};
		1442E1B817206DBC004B6361 /* Resources */ = {
			isa = PBXResourcesBuildPhase;
			buildActionMask = 2147483647;
			files = (
				1442E1C617206DBC004B6361 /* InfoPlist.strings in Resources */,
			);
			runOnlyForDeploymentPostprocessing = 0;
		};
/* End PBXResourcesBuildPhase section */

/* Begin PBXShellScriptBuildPhase section */
		1442E1B917206DBC004B6361 /* ShellScript */ = {
			isa = PBXShellScriptBuildPhase;
			buildActionMask = 2147483647;
			files = (
			);
			inputPaths = (
			);
			outputPaths = (
			);
			runOnlyForDeploymentPostprocessing = 0;
			shellPath = /bin/sh;
			shellScript = "# Run the unit tests in this test bundle.\n\"${SYSTEM_DEVELOPER_DIR}/Tools/RunUnitTests\"\n";
		};
/* End PBXShellScriptBuildPhase section */

/* Begin PBXSourcesBuildPhase section */
		1442E19117206DBB004B6361 /* Sources */ = {
			isa = PBXSourcesBuildPhase;
			buildActionMask = 2147483647;
			files = (
				1442E1A517206DBB004B6361 /* main.m in Sources */,
				1442E1AC17206DBB004B6361 /* StacksDocument.m in Sources */,
				1442E1B517206DBB004B6361 /* StacksDocument.xcdatamodeld in Sources */,
				6B46749D173183AB00E42419 /* DNANSeq.cc in Sources */,
				6B46749E173183AB00E42419 /* DNASeq.cc in Sources */,
				6B46749F173183AB00E42419 /* locus.cc in Sources */,
				6B4674A0173183AB00E42419 /* mst.cc in Sources */,
				6B4674A1173183AB00E42419 /* stacks.cc in Sources */,
				6B4674A2173183AB00E42419 /* utils.cc in Sources */,
				63D53A5DE62FE909BC63F677 /* GenotypeEntry.m in Sources */,
				63D53EF5CFDF79EB0A480272 /* StacksLoader.mm in Sources */,
				63D53C66C975A160E74A5CA3 /* StacksView.m in Sources */,
				63D53C060817587061CAC23E /* StackEntry.m in Sources */,
				63D5395D31DB5C05781AC0D0 /* LocusView.m in Sources */,
				63D53D7AA2ECE7DFF96DC4AC /* SnpView.m in Sources */,
				6B4674AA1731872600E42419 /* input.cc in Sources */,
				63D5373EE2F31FA8CF4F5F1A /* LocusCell.m in Sources */,
				63D53CFA3A01C35492B74405 /* PopulationCell.m in Sources */,
				6B4674AD1731888200E42419 /* Locus.m in Sources */,
				6B4674B017318A4200E42419 /* Genotype.m in Sources */,
				6B4674B317318A6900E42419 /* Stack.m in Sources */,
				6B4674B81731947B00E42419 /* Snp.m in Sources */,
			);
			runOnlyForDeploymentPostprocessing = 0;
		};
		1442E1B617206DBC004B6361 /* Sources */ = {
			isa = PBXSourcesBuildPhase;
			buildActionMask = 2147483647;
			files = (
				1442E1C917206DBC004B6361 /* StacksGui3Tests.m in Sources */,
			);
			runOnlyForDeploymentPostprocessing = 0;
		};
/* End PBXSourcesBuildPhase section */

/* Begin PBXTargetDependency section */
		1442E1C017206DBC004B6361 /* PBXTargetDependency */ = {
			isa = PBXTargetDependency;
			target = 1442E19417206DBB004B6361 /* StacksGui3 */;
			targetProxy = 1442E1BF17206DBC004B6361 /* PBXContainerItemProxy */;
		};
/* End PBXTargetDependency section */

/* Begin PBXVariantGroup section */
		1442E1A117206DBB004B6361 /* InfoPlist.strings */ = {
			isa = PBXVariantGroup;
			children = (
				1442E1A217206DBB004B6361 /* en */,
			);
			name = InfoPlist.strings;
			sourceTree = "<group>";
		};
		1442E1A717206DBB004B6361 /* Credits.rtf */ = {
			isa = PBXVariantGroup;
			children = (
				1442E1A817206DBB004B6361 /* en */,
			);
			name = Credits.rtf;
			sourceTree = "<group>";
		};
		1442E1AD17206DBB004B6361 /* StacksDocument.xib */ = {
			isa = PBXVariantGroup;
			children = (
				1442E1AE17206DBB004B6361 /* en */,
			);
			name = StacksDocument.xib;
			sourceTree = "<group>";
		};
		1442E1B017206DBB004B6361 /* MainMenu.xib */ = {
			isa = PBXVariantGroup;
			children = (
				1442E1B117206DBB004B6361 /* en */,
			);
			name = MainMenu.xib;
			sourceTree = "<group>";
		};
		1442E1C417206DBC004B6361 /* InfoPlist.strings */ = {
			isa = PBXVariantGroup;
			children = (
				1442E1C517206DBC004B6361 /* en */,
			);
			name = InfoPlist.strings;
			sourceTree = "<group>";
		};
/* End PBXVariantGroup section */

/* Begin XCBuildConfiguration section */
		1442E1CA17206DBC004B6361 /* Debug */ = {
			isa = XCBuildConfiguration;
			buildSettings = {
				ALWAYS_SEARCH_USER_PATHS = NO;
				ARCHS = "$(ARCHS_STANDARD_64_BIT)";
				CLANG_CXX_LANGUAGE_STANDARD = "gnu++0x";
				CLANG_CXX_LIBRARY = "libc++";
				CLANG_ENABLE_OBJC_ARC = YES;
				CLANG_WARN_CONSTANT_CONVERSION = YES;
				CLANG_WARN_EMPTY_BODY = YES;
				CLANG_WARN_ENUM_CONVERSION = YES;
				CLANG_WARN_INT_CONVERSION = YES;
				CLANG_WARN__DUPLICATE_METHOD_MATCH = YES;
				COPY_PHASE_STRIP = NO;
				GCC_C_LANGUAGE_STANDARD = gnu99;
				GCC_DYNAMIC_NO_PIC = NO;
				GCC_ENABLE_OBJC_EXCEPTIONS = YES;
				GCC_OPTIMIZATION_LEVEL = 0;
				GCC_PREPROCESSOR_DEFINITIONS = (
					"DEBUG=1",
					"$(inherited)",
				);
				GCC_SYMBOLS_PRIVATE_EXTERN = NO;
				GCC_WARN_64_TO_32_BIT_CONVERSION = YES;
				GCC_WARN_ABOUT_RETURN_TYPE = YES;
				GCC_WARN_UNINITIALIZED_AUTOS = YES;
				GCC_WARN_UNUSED_VARIABLE = YES;
				MACH_O_TYPE = mh_execute;
				MACOSX_DEPLOYMENT_TARGET = 10.7;
				ONLY_ACTIVE_ARCH = YES;
				SDKROOT = macosx;
			};
			name = Debug;
		};
		1442E1CB17206DBC004B6361 /* Release */ = {
			isa = XCBuildConfiguration;
			buildSettings = {
				ALWAYS_SEARCH_USER_PATHS = NO;
				ARCHS = "$(ARCHS_STANDARD_64_BIT)";
				CLANG_CXX_LANGUAGE_STANDARD = "gnu++0x";
				CLANG_CXX_LIBRARY = "libc++";
				CLANG_ENABLE_OBJC_ARC = YES;
				CLANG_WARN_CONSTANT_CONVERSION = YES;
				CLANG_WARN_EMPTY_BODY = YES;
				CLANG_WARN_ENUM_CONVERSION = YES;
				CLANG_WARN_INT_CONVERSION = YES;
				CLANG_WARN__DUPLICATE_METHOD_MATCH = YES;
				COPY_PHASE_STRIP = YES;
				DEBUG_INFORMATION_FORMAT = "dwarf-with-dsym";
				GCC_C_LANGUAGE_STANDARD = gnu99;
				GCC_ENABLE_OBJC_EXCEPTIONS = YES;
				GCC_WARN_64_TO_32_BIT_CONVERSION = YES;
				GCC_WARN_ABOUT_RETURN_TYPE = YES;
				GCC_WARN_UNINITIALIZED_AUTOS = YES;
				GCC_WARN_UNUSED_VARIABLE = YES;
				MACH_O_TYPE = mh_execute;
				MACOSX_DEPLOYMENT_TARGET = 10.7;
				SDKROOT = macosx;
			};
			name = Release;
		};
		1442E1CD17206DBC004B6361 /* Debug */ = {
			isa = XCBuildConfiguration;
			buildSettings = {
				COMBINE_HIDPI_IMAGES = YES;
				GCC_PRECOMPILE_PREFIX_HEADER = YES;
				GCC_PREFIX_HEADER = "StacksGui3/StacksGui3-Prefix.pch";
				GCC_VERSION = com.apple.compilers.llvm.clang.1_0;
				INFOPLIST_FILE = "StacksGui3/StacksGui3-Info.plist";
				LIBRARY_SEARCH_PATHS = (
					"$(inherited)",
					"\"$(SRCROOT)/StacksGui3\"",
				);
				PRODUCT_NAME = "$(TARGET_NAME)";
				WRAPPER_EXTENSION = app;
			};
			name = Debug;
		};
		1442E1CE17206DBC004B6361 /* Release */ = {
			isa = XCBuildConfiguration;
			buildSettings = {
				COMBINE_HIDPI_IMAGES = YES;
				GCC_PRECOMPILE_PREFIX_HEADER = YES;
				GCC_PREFIX_HEADER = "StacksGui3/StacksGui3-Prefix.pch";
				GCC_VERSION = com.apple.compilers.llvm.clang.1_0;
				INFOPLIST_FILE = "StacksGui3/StacksGui3-Info.plist";
				LIBRARY_SEARCH_PATHS = (
					"$(inherited)",
					"\"$(SRCROOT)/StacksGui3\"",
				);
				PRODUCT_NAME = "$(TARGET_NAME)";
				WRAPPER_EXTENSION = app;
			};
			name = Release;
		};
		1442E1D017206DBC004B6361 /* Debug */ = {
			isa = XCBuildConfiguration;
			buildSettings = {
				BUNDLE_LOADER = "$(BUILT_PRODUCTS_DIR)/StacksGui3.app/Contents/MacOS/StacksGui3";
				COMBINE_HIDPI_IMAGES = YES;
				FRAMEWORK_SEARCH_PATHS = "\"$(DEVELOPER_LIBRARY_DIR)/Frameworks\"";
				GCC_PRECOMPILE_PREFIX_HEADER = YES;
				GCC_PREFIX_HEADER = "StacksGui3/StacksGui3-Prefix.pch";
				INFOPLIST_FILE = "StacksGui3Tests/StacksGui3Tests-Info.plist";
				PRODUCT_NAME = "$(TARGET_NAME)";
				TEST_HOST = "$(BUNDLE_LOADER)";
				WRAPPER_EXTENSION = octest;
			};
			name = Debug;
		};
		1442E1D117206DBC004B6361 /* Release */ = {
			isa = XCBuildConfiguration;
			buildSettings = {
				BUNDLE_LOADER = "$(BUILT_PRODUCTS_DIR)/StacksGui3.app/Contents/MacOS/StacksGui3";
				COMBINE_HIDPI_IMAGES = YES;
				FRAMEWORK_SEARCH_PATHS = "\"$(DEVELOPER_LIBRARY_DIR)/Frameworks\"";
				GCC_PRECOMPILE_PREFIX_HEADER = YES;
				GCC_PREFIX_HEADER = "StacksGui3/StacksGui3-Prefix.pch";
				INFOPLIST_FILE = "StacksGui3Tests/StacksGui3Tests-Info.plist";
				PRODUCT_NAME = "$(TARGET_NAME)";
				TEST_HOST = "$(BUNDLE_LOADER)";
				WRAPPER_EXTENSION = octest;
			};
			name = Release;
		};
/* End XCBuildConfiguration section */

/* Begin XCConfigurationList section */
		1442E19017206DBB004B6361 /* Build configuration list for PBXProject "StacksGui3" */ = {
			isa = XCConfigurationList;
			buildConfigurations = (
				1442E1CA17206DBC004B6361 /* Debug */,
				1442E1CB17206DBC004B6361 /* Release */,
			);
			defaultConfigurationIsVisible = 0;
			defaultConfigurationName = Release;
		};
		1442E1CC17206DBC004B6361 /* Build configuration list for PBXNativeTarget "StacksGui3" */ = {
			isa = XCConfigurationList;
			buildConfigurations = (
				1442E1CD17206DBC004B6361 /* Debug */,
				1442E1CE17206DBC004B6361 /* Release */,
			);
			defaultConfigurationIsVisible = 0;
			defaultConfigurationName = Release;
		};
		1442E1CF17206DBC004B6361 /* Build configuration list for PBXNativeTarget "StacksGui3Tests" */ = {
			isa = XCConfigurationList;
			buildConfigurations = (
				1442E1D017206DBC004B6361 /* Debug */,
				1442E1D117206DBC004B6361 /* Release */,
			);
			defaultConfigurationIsVisible = 0;
			defaultConfigurationName = Release;
		};
/* End XCConfigurationList section */

/* Begin XCVersionGroup section */
		1442E1B317206DBB004B6361 /* StacksDocument.xcdatamodeld */ = {
			isa = XCVersionGroup;
			children = (
				1442E1B417206DBB004B6361 /* StacksDocument.xcdatamodel */,
			);
			currentVersion = 1442E1B417206DBB004B6361 /* StacksDocument.xcdatamodel */;
			path = StacksDocument.xcdatamodeld;
			sourceTree = "<group>";
			versionGroupType = wrapper.xcdatamodel;
		};
/* End XCVersionGroup section */
	};
	rootObject = 1442E18D17206DBB004B6361 /* Project object */;
}
